// !$*UTF8*$!
{
	archiveVersion = 1;
	classes = {
	};
	objectVersion = 46;
	objects = {

/* Begin PBXBuildFile section */
		3A0779C11CF49D2400B8C065 /* SDLInputHandler.cpp in Sources */ = {isa = PBXBuildFile; fileRef = 9C8FC0001AB1958D00C4EB1F /* SDLInputHandler.cpp */; };
		3A0779C21CF49D2400B8C065 /* InputHandler.cpp in Sources */ = {isa = PBXBuildFile; fileRef = 9C8FBFE81AAEF47700C4EB1F /* InputHandler.cpp */; };
		3A0779C31CF49D2400B8C065 /* PlayerAI.cpp in Sources */ = {isa = PBXBuildFile; fileRef = 55F447EE1AD713FC00F994F2 /* PlayerAI.cpp */; };
		3A0779C41CF49D2400B8C065 /* Movement.cpp in Sources */ = {isa = PBXBuildFile; fileRef = 55891C731AEE8AB600888AC7 /* Movement.cpp */; };
		3A0779CA1CF49D2400B8C065 /* CaptureCommand.cpp in Sources */ = {isa = PBXBuildFile; fileRef = 55966F4B1ADC166300B36FA8 /* CaptureCommand.cpp */; };
		3A0779CB1CF49D2400B8C065 /* MoveCommand.cpp in Sources */ = {isa = PBXBuildFile; fileRef = 9C800B4D1ABD8323003FE2AA /* MoveCommand.cpp */; };
		3A0779CC1CF49D2400B8C065 /* AttackCommand.cpp in Sources */ = {isa = PBXBuildFile; fileRef = 9CCD60D01AD3DEF3004537F8 /* AttackCommand.cpp */; };
		3A0779CD1CF49D2400B8C065 /* NothingSelectedState.cpp in Sources */ = {isa = PBXBuildFile; fileRef = 9C800B3D1ABADC7F003FE2AA /* NothingSelectedState.cpp */; };
		3A0779CE1CF49D2400B8C065 /* UnitSelectedState.cpp in Sources */ = {isa = PBXBuildFile; fileRef = 9C800B411ABADE3B003FE2AA /* UnitSelectedState.cpp */; };
		3A0779CF1CF49D2400B8C065 /* OnCommandState.cpp in Sources */ = {isa = PBXBuildFile; fileRef = 9CCD60B61AC80DD8004537F8 /* OnCommandState.cpp */; };
		3A0779D01CF49D2400B8C065 /* OnMoveState.cpp in Sources */ = {isa = PBXBuildFile; fileRef = 9CCD60BC1AC80FD4004537F8 /* OnMoveState.cpp */; };
		3A0779D11CF49D2400B8C065 /* OnAttackState.cpp in Sources */ = {isa = PBXBuildFile; fileRef = 9CCD60BF1AC80FE2004537F8 /* OnAttackState.cpp */; };
		3A0779D21CF49D2400B8C065 /* PlayerController.cpp in Sources */ = {isa = PBXBuildFile; fileRef = 9C800B021AB743F3003FE2AA /* PlayerController.cpp */; };
		3A0779D31CF49D2400B8C065 /* UnitController.cpp in Sources */ = {isa = PBXBuildFile; fileRef = 9C800B2B1AB86A97003FE2AA /* UnitController.cpp */; };
		3A0779D41CF49D2400B8C065 /* BuildingView.cpp in Sources */ = {isa = PBXBuildFile; fileRef = 55966F451ADC163A00B36FA8 /* BuildingView.cpp */; };
		3A0779D51CF49D2400B8C065 /* UnitUIView.cpp in Sources */ = {isa = PBXBuildFile; fileRef = 9CCD60C51ACFE31B004537F8 /* UnitUIView.cpp */; };
		3A0779D61CF49D2400B8C065 /* PlayerView.cpp in Sources */ = {isa = PBXBuildFile; fileRef = 9C800B051AB7440E003FE2AA /* PlayerView.cpp */; };
		3A0779D71CF49D2400B8C065 /* UnitView.cpp in Sources */ = {isa = PBXBuildFile; fileRef = 9C800B261AB86673003FE2AA /* UnitView.cpp */; };
		3A0779D81CF49D2400B8C065 /* SpriteFactory.cpp in Sources */ = {isa = PBXBuildFile; fileRef = 9C800B311AB88B48003FE2AA /* SpriteFactory.cpp */; };
		3A0779D91CF49D2400B8C065 /* Building.cpp in Sources */ = {isa = PBXBuildFile; fileRef = 55966F481ADC164300B36FA8 /* Building.cpp */; };
		3A0779DA1CF49D2400B8C065 /* Model.cpp in Sources */ = {isa = PBXBuildFile; fileRef = 9C800B0C1AB7443C003FE2AA /* Model.cpp */; };
		3A0779DB1CF49D2400B8C065 /* Observable.cpp in Sources */ = {isa = PBXBuildFile; fileRef = 9C800B0E1AB7443C003FE2AA /* Observable.cpp */; };
		3A0779DC1CF49D2400B8C065 /* Player.cpp in Sources */ = {isa = PBXBuildFile; fileRef = 55AD2B681AF00552000F5B7E /* Player.cpp */; };
		3A0779DD1CF49D2400B8C065 /* Unit.cpp in Sources */ = {isa = PBXBuildFile; fileRef = 9C800B121AB7443C003FE2AA /* Unit.cpp */; };
		3A0779DE1CF49D2400B8C065 /* ProjectAI.cpp in Sources */ = {isa = PBXBuildFile; fileRef = 9C0A5A671AC03F0A00BF793E /* ProjectAI.cpp */; };
		3A0779DF1CF49D2400B8C065 /* Sprite.cpp in Sources */ = {isa = PBXBuildFile; fileRef = 9CFF77771AD57F5F002EBE3F /* Sprite.cpp */; };
		3A0779E11CF49D2400B8C065 /* Map.cpp in Sources */ = {isa = PBXBuildFile; fileRef = 9C800B1C1AB74485003FE2AA /* Map.cpp */; };
		3A0779E21CF49D2400B8C065 /* GameUI.cpp in Sources */ = {isa = PBXBuildFile; fileRef = 55C400311ADEADFB000792CF /* GameUI.cpp */; };
		3A0779E31CF49D2400B8C065 /* Layout.cpp in Sources */ = {isa = PBXBuildFile; fileRef = 9C0A5A6F1AC174E700BF793E /* Layout.cpp */; };
		3A0779E41CF49D2400B8C065 /* Button.cpp in Sources */ = {isa = PBXBuildFile; fileRef = 9C0A5A721AC176A300BF793E /* Button.cpp */; };
		3A0779E51CF49D2400B8C065 /* Text.cpp in Sources */ = {isa = PBXBuildFile; fileRef = 9CCD60C21ACDCCC3004537F8 /* Text.cpp */; };
		3A0779E61CF49D2400B8C065 /* UIComponent.cpp in Sources */ = {isa = PBXBuildFile; fileRef = 9C0A5A751AC17A8D00BF793E /* UIComponent.cpp */; };
		3A0779E71CF49D2400B8C065 /* Tile.cpp in Sources */ = {isa = PBXBuildFile; fileRef = 9C800B1E1AB74485003FE2AA /* Tile.cpp */; };
		3A0779E81CF49D2400B8C065 /* Game.cpp in Sources */ = {isa = PBXBuildFile; fileRef = 9C8FBFE21AAEF19C00C4EB1F /* Game.cpp */; };
		3A0779E91CF49D2400B8C065 /* Scene.cpp in Sources */ = {isa = PBXBuildFile; fileRef = 9C8FBFF11AAF048D00C4EB1F /* Scene.cpp */; };
		3A0779EA1CF49D2400B8C065 /* Event.cpp in Sources */ = {isa = PBXBuildFile; fileRef = 9C8FC0031AB1A6E600C4EB1F /* Event.cpp */; };
		3A0779EB1CF49D2400B8C065 /* SDLRenderer.cpp in Sources */ = {isa = PBXBuildFile; fileRef = 9C8FBFF41AAF06DF00C4EB1F /* SDLRenderer.cpp */; };
		3A0779EC1CF49D2400B8C065 /* SDLTexture.cpp in Sources */ = {isa = PBXBuildFile; fileRef = 9C8FBFF71AAF44E500C4EB1F /* SDLTexture.cpp */; };
		3A0779ED1CF49D2400B8C065 /* Renderer.cpp in Sources */ = {isa = PBXBuildFile; fileRef = 9C8FBFEB1AAF043A00C4EB1F /* Renderer.cpp */; };
		3A0779EE1CF49D2400B8C065 /* Texture.cpp in Sources */ = {isa = PBXBuildFile; fileRef = 9C8FBFEE1AAF047A00C4EB1F /* Texture.cpp */; };
		3A0779EF1CF49D4800B8C065 /* main.cpp in Sources */ = {isa = PBXBuildFile; fileRef = 3A0779BC1CF49CCB00B8C065 /* main.cpp */; };
		3A0779F01CF49EFB00B8C065 /* SDL2_image.framework in Frameworks */ = {isa = PBXBuildFile; fileRef = 9C6685C51AD6E41700C9DFAD /* SDL2_image.framework */; };
		3A0779F11CF49EFB00B8C065 /* SDL2_ttf.framework in Frameworks */ = {isa = PBXBuildFile; fileRef = 9CCD60B11AC6A659004537F8 /* SDL2_ttf.framework */; };
		3A0779F21CF49EFB00B8C065 /* SDL2.framework in Frameworks */ = {isa = PBXBuildFile; fileRef = 9C6613861AA771930094B72F /* SDL2.framework */; };
		3A0779F41CF49EFB00B8C065 /* gtest.framework in Frameworks */ = {isa = PBXBuildFile; fileRef = 3A0779F31CF49EFB00B8C065 /* gtest.framework */; };
		3A0779FB1CF8614500B8C065 /* DotPath.cpp in Sources */ = {isa = PBXBuildFile; fileRef = 3A0779FA1CF8614500B8C065 /* DotPath.cpp */; };
		3A0779FD1CF885A700B8C065 /* DotTest.cpp in Sources */ = {isa = PBXBuildFile; fileRef = 3A0779FC1CF885A700B8C065 /* DotTest.cpp */; };
		3A0779FE1CF886AC00B8C065 /* DotPath.cpp in Sources */ = {isa = PBXBuildFile; fileRef = 3A0779FA1CF8614500B8C065 /* DotPath.cpp */; };
		3A2F16A01CFF1F2C00254750 /* Action.cpp in Sources */ = {isa = PBXBuildFile; fileRef = 3A2F169F1CFF1F2C00254750 /* Action.cpp */; };
		3A2F16A11CFF1F2C00254750 /* Action.cpp in Sources */ = {isa = PBXBuildFile; fileRef = 3A2F169F1CFF1F2C00254750 /* Action.cpp */; };
		3A2F16A71D00531700254750 /* IteratorFilter.cpp in Sources */ = {isa = PBXBuildFile; fileRef = 3A2F16A61D00531700254750 /* IteratorFilter.cpp */; };
		3A2F16A81D00531700254750 /* IteratorFilter.cpp in Sources */ = {isa = PBXBuildFile; fileRef = 3A2F16A61D00531700254750 /* IteratorFilter.cpp */; };
		3A3892591D253DBF009EB3E1 /* MapLayerTest.cpp in Sources */ = {isa = PBXBuildFile; fileRef = 3A3892581D253DBF009EB3E1 /* MapLayerTest.cpp */; };
		3A38925A1D266995009EB3E1 /* gmock.framework in Frameworks */ = {isa = PBXBuildFile; fileRef = 9CF2463D1CFF51F800AF606D /* gmock.framework */; };
		3A38925C1D2D174F009EB3E1 /* MovesBuilder.cpp in Sources */ = {isa = PBXBuildFile; fileRef = 3A38925B1D2D174F009EB3E1 /* MovesBuilder.cpp */; };
		3AD2FE9F1D0ECB31002B7911 /* OpenSans-Regular.ttf in Resources */ = {isa = PBXBuildFile; fileRef = 9CCD60B51AC6B283004537F8 /* OpenSans-Regular.ttf */; };
		5529C7871D00DEBF00FF3D5F /* HeuristicFunction.cpp in Sources */ = {isa = PBXBuildFile; fileRef = 55D24B641D00D58900949485 /* HeuristicFunction.cpp */; };
		5567C0CE1CDA6D6D00DD8F3D /* soldier_blue.png in Resources */ = {isa = PBXBuildFile; fileRef = 5567C0CD1CDA6D6D00DD8F3D /* soldier_blue.png */; };
		5567C0D01CDA701900DD8F3D /* soldier_red.png in Resources */ = {isa = PBXBuildFile; fileRef = 5567C0CF1CDA701900DD8F3D /* soldier_red.png */; };
		55891C741AEE8AB600888AC7 /* Movement.cpp in Sources */ = {isa = PBXBuildFile; fileRef = 55891C731AEE8AB600888AC7 /* Movement.cpp */; };
		55966F441ADC161400B36FA8 /* building.png in Resources */ = {isa = PBXBuildFile; fileRef = 55966F431ADC161400B36FA8 /* building.png */; };
		55966F471ADC163A00B36FA8 /* BuildingView.cpp in Sources */ = {isa = PBXBuildFile; fileRef = 55966F451ADC163A00B36FA8 /* BuildingView.cpp */; };
		55966F4A1ADC164300B36FA8 /* Building.cpp in Sources */ = {isa = PBXBuildFile; fileRef = 55966F481ADC164300B36FA8 /* Building.cpp */; };
		55966F4D1ADC166300B36FA8 /* CaptureCommand.cpp in Sources */ = {isa = PBXBuildFile; fileRef = 55966F4B1ADC166300B36FA8 /* CaptureCommand.cpp */; };
		55966F4F1ADC167200B36FA8 /* capture_button.png in Resources */ = {isa = PBXBuildFile; fileRef = 55966F4E1ADC167200B36FA8 /* capture_button.png */; };
		55966F511ADC169C00B36FA8 /* link.png in Resources */ = {isa = PBXBuildFile; fileRef = 55966F501ADC169C00B36FA8 /* link.png */; };
		55966F551ADC16C500B36FA8 /* target_tile_triangles.png in Resources */ = {isa = PBXBuildFile; fileRef = 55966F521ADC16C500B36FA8 /* target_tile_triangles.png */; };
		55966F561ADC16C500B36FA8 /* target_tile_white.png in Resources */ = {isa = PBXBuildFile; fileRef = 55966F531ADC16C500B36FA8 /* target_tile_white.png */; };
		55966F571ADC16C500B36FA8 /* target_tile.png in Resources */ = {isa = PBXBuildFile; fileRef = 55966F541ADC16C500B36FA8 /* target_tile.png */; };
		55AD2B691AF00552000F5B7E /* Player.cpp in Sources */ = {isa = PBXBuildFile; fileRef = 55AD2B681AF00552000F5B7E /* Player.cpp */; };
		55C400331ADEADFB000792CF /* GameUI.cpp in Sources */ = {isa = PBXBuildFile; fileRef = 55C400311ADEADFB000792CF /* GameUI.cpp */; };
		55D24B651D00D58900949485 /* HeuristicFunction.cpp in Sources */ = {isa = PBXBuildFile; fileRef = 55D24B641D00D58900949485 /* HeuristicFunction.cpp */; };
		55D24B671D00D5C300949485 /* HeuristicTest.cpp in Sources */ = {isa = PBXBuildFile; fileRef = 55D24B661D00D5C300949485 /* HeuristicTest.cpp */; };
		55F447E81AD70DAC00F994F2 /* attack_button.bmp in Resources */ = {isa = PBXBuildFile; fileRef = 55F447E41AD70DAC00F994F2 /* attack_button.bmp */; };
		55F447E91AD70DAC00F994F2 /* cancel_button.bmp in Resources */ = {isa = PBXBuildFile; fileRef = 55F447E51AD70DAC00F994F2 /* cancel_button.bmp */; };
		55F447EA1AD70DAC00F994F2 /* end_button.bmp in Resources */ = {isa = PBXBuildFile; fileRef = 55F447E61AD70DAC00F994F2 /* end_button.bmp */; };
		55F447EB1AD70DAC00F994F2 /* wait_button.bmp in Resources */ = {isa = PBXBuildFile; fileRef = 55F447E71AD70DAC00F994F2 /* wait_button.bmp */; };
		55F447EF1AD713FC00F994F2 /* PlayerAI.cpp in Sources */ = {isa = PBXBuildFile; fileRef = 55F447EE1AD713FC00F994F2 /* PlayerAI.cpp */; };
		9C0A5A691AC03F0A00BF793E /* ProjectAI.cpp in Sources */ = {isa = PBXBuildFile; fileRef = 9C0A5A671AC03F0A00BF793E /* ProjectAI.cpp */; };
		9C0A5A711AC174E700BF793E /* Layout.cpp in Sources */ = {isa = PBXBuildFile; fileRef = 9C0A5A6F1AC174E700BF793E /* Layout.cpp */; };
		9C0A5A741AC176A300BF793E /* Button.cpp in Sources */ = {isa = PBXBuildFile; fileRef = 9C0A5A721AC176A300BF793E /* Button.cpp */; };
		9C0A5A761AC17A8D00BF793E /* UIComponent.cpp in Sources */ = {isa = PBXBuildFile; fileRef = 9C0A5A751AC17A8D00BF793E /* UIComponent.cpp */; };
		9C0A5A781AC1E9AF00BF793E /* sprites.bmp in Resources */ = {isa = PBXBuildFile; fileRef = 9C0A5A771AC1E9AF00BF793E /* sprites.bmp */; };
		9C0A5A7A1AC2D13F00BF793E /* link.bmp in Resources */ = {isa = PBXBuildFile; fileRef = 9C0A5A791AC2D13F00BF793E /* link.bmp */; };
		9C0A5A7E1AC32E4600BF793E /* mario.bmp in Resources */ = {isa = PBXBuildFile; fileRef = 9C0A5A7D1AC32E4600BF793E /* mario.bmp */; };
		9C6613881AA774BD0094B72F /* SDL2.framework in Frameworks */ = {isa = PBXBuildFile; fileRef = 9C6613861AA771930094B72F /* SDL2.framework */; };
		9C6685C61AD6E41700C9DFAD /* SDL2_image.framework in Frameworks */ = {isa = PBXBuildFile; fileRef = 9C6685C51AD6E41700C9DFAD /* SDL2_image.framework */; };
		9C6685C81AD6E49C00C9DFAD /* target_tile.png in Resources */ = {isa = PBXBuildFile; fileRef = 9C6685C71AD6E49C00C9DFAD /* target_tile.png */; };
		9C800B041AB743F3003FE2AA /* PlayerController.cpp in Sources */ = {isa = PBXBuildFile; fileRef = 9C800B021AB743F3003FE2AA /* PlayerController.cpp */; };
		9C800B091AB7440E003FE2AA /* PlayerView.cpp in Sources */ = {isa = PBXBuildFile; fileRef = 9C800B051AB7440E003FE2AA /* PlayerView.cpp */; };
		9C800B141AB7443C003FE2AA /* Model.cpp in Sources */ = {isa = PBXBuildFile; fileRef = 9C800B0C1AB7443C003FE2AA /* Model.cpp */; };
		9C800B151AB7443C003FE2AA /* Observable.cpp in Sources */ = {isa = PBXBuildFile; fileRef = 9C800B0E1AB7443C003FE2AA /* Observable.cpp */; };
		9C800B171AB7443C003FE2AA /* Unit.cpp in Sources */ = {isa = PBXBuildFile; fileRef = 9C800B121AB7443C003FE2AA /* Unit.cpp */; };
		9C800B221AB74485003FE2AA /* Map.cpp in Sources */ = {isa = PBXBuildFile; fileRef = 9C800B1C1AB74485003FE2AA /* Map.cpp */; };
		9C800B231AB74485003FE2AA /* Tile.cpp in Sources */ = {isa = PBXBuildFile; fileRef = 9C800B1E1AB74485003FE2AA /* Tile.cpp */; };
		9C800B251AB74989003FE2AA /* test.bmp in Resources */ = {isa = PBXBuildFile; fileRef = 9C800B241AB74989003FE2AA /* test.bmp */; };
		9C800B281AB86673003FE2AA /* UnitView.cpp in Sources */ = {isa = PBXBuildFile; fileRef = 9C800B261AB86673003FE2AA /* UnitView.cpp */; };
		9C800B2D1AB86A97003FE2AA /* UnitController.cpp in Sources */ = {isa = PBXBuildFile; fileRef = 9C800B2B1AB86A97003FE2AA /* UnitController.cpp */; };
		9C800B331AB88B48003FE2AA /* SpriteFactory.cpp in Sources */ = {isa = PBXBuildFile; fileRef = 9C800B311AB88B48003FE2AA /* SpriteFactory.cpp */; };
		9C800B3F1ABADC7F003FE2AA /* NothingSelectedState.cpp in Sources */ = {isa = PBXBuildFile; fileRef = 9C800B3D1ABADC7F003FE2AA /* NothingSelectedState.cpp */; };
		9C800B431ABADE3B003FE2AA /* UnitSelectedState.cpp in Sources */ = {isa = PBXBuildFile; fileRef = 9C800B411ABADE3B003FE2AA /* UnitSelectedState.cpp */; };
		9C800B451ABC3542003FE2AA /* animate.png in Resources */ = {isa = PBXBuildFile; fileRef = 9C800B441ABC3542003FE2AA /* animate.png */; };
		9C800B471ABC366E003FE2AA /* animate.bmp in Resources */ = {isa = PBXBuildFile; fileRef = 9C800B461ABC366E003FE2AA /* animate.bmp */; };
		9C800B4F1ABD8323003FE2AA /* MoveCommand.cpp in Sources */ = {isa = PBXBuildFile; fileRef = 9C800B4D1ABD8323003FE2AA /* MoveCommand.cpp */; };
		9C8FBFE41AAEF19C00C4EB1F /* Game.cpp in Sources */ = {isa = PBXBuildFile; fileRef = 9C8FBFE21AAEF19C00C4EB1F /* Game.cpp */; };
		9C8FBFEA1AAEF47700C4EB1F /* InputHandler.cpp in Sources */ = {isa = PBXBuildFile; fileRef = 9C8FBFE81AAEF47700C4EB1F /* InputHandler.cpp */; };
		9C8FBFED1AAF043A00C4EB1F /* Renderer.cpp in Sources */ = {isa = PBXBuildFile; fileRef = 9C8FBFEB1AAF043A00C4EB1F /* Renderer.cpp */; };
		9C8FBFF01AAF047A00C4EB1F /* Texture.cpp in Sources */ = {isa = PBXBuildFile; fileRef = 9C8FBFEE1AAF047A00C4EB1F /* Texture.cpp */; };
		9C8FBFF31AAF048D00C4EB1F /* Scene.cpp in Sources */ = {isa = PBXBuildFile; fileRef = 9C8FBFF11AAF048D00C4EB1F /* Scene.cpp */; };
		9C8FBFF61AAF06DF00C4EB1F /* SDLRenderer.cpp in Sources */ = {isa = PBXBuildFile; fileRef = 9C8FBFF41AAF06DF00C4EB1F /* SDLRenderer.cpp */; };
		9C8FBFF91AAF44E500C4EB1F /* SDLTexture.cpp in Sources */ = {isa = PBXBuildFile; fileRef = 9C8FBFF71AAF44E500C4EB1F /* SDLTexture.cpp */; };
		9C8FBFFF1AB056D700C4EB1F /* rider.bmp in Resources */ = {isa = PBXBuildFile; fileRef = 9C8FBFFE1AB056D700C4EB1F /* rider.bmp */; };
		9C8FC0021AB1958D00C4EB1F /* SDLInputHandler.cpp in Sources */ = {isa = PBXBuildFile; fileRef = 9C8FC0001AB1958D00C4EB1F /* SDLInputHandler.cpp */; };
		9C8FC0051AB1A6E600C4EB1F /* Event.cpp in Sources */ = {isa = PBXBuildFile; fileRef = 9C8FC0031AB1A6E600C4EB1F /* Event.cpp */; };
		9CAE2DF81AA76F8B00B6279D /* ProjectWarTests.m in Sources */ = {isa = PBXBuildFile; fileRef = 9CAE2DF71AA76F8B00B6279D /* ProjectWarTests.m */; };
		9CAE2E051AA76FE700B6279D /* main.cpp in Sources */ = {isa = PBXBuildFile; fileRef = 9CAE2E031AA76FE700B6279D /* main.cpp */; };
		9CB5E66E1D291AE30067F160 /* PlayerTest.cpp in Sources */ = {isa = PBXBuildFile; fileRef = 9CB5E66D1D291AE30067F160 /* PlayerTest.cpp */; };
		9CBEB9BF1CF7758100CA82DE /* MinimaxTest.cpp in Sources */ = {isa = PBXBuildFile; fileRef = 9CBEB9BE1CF7758100CA82DE /* MinimaxTest.cpp */; };
		9CBEB9C91CF77BF000CA82DE /* MinimaxAlgorithm.cpp in Sources */ = {isa = PBXBuildFile; fileRef = 9CBEB9C71CF77BF000CA82DE /* MinimaxAlgorithm.cpp */; };
		9CBEB9CA1CF77BF000CA82DE /* MinimaxAlgorithm.cpp in Sources */ = {isa = PBXBuildFile; fileRef = 9CBEB9C71CF77BF000CA82DE /* MinimaxAlgorithm.cpp */; };
		9CCD60B21AC6A659004537F8 /* SDL2_ttf.framework in Frameworks */ = {isa = PBXBuildFile; fileRef = 9CCD60B11AC6A659004537F8 /* SDL2_ttf.framework */; settings = {ATTRIBUTES = (Required, ); }; };
		9CCD60B81AC80DD8004537F8 /* OnCommandState.cpp in Sources */ = {isa = PBXBuildFile; fileRef = 9CCD60B61AC80DD8004537F8 /* OnCommandState.cpp */; };
		9CCD60BE1AC80FD4004537F8 /* OnMoveState.cpp in Sources */ = {isa = PBXBuildFile; fileRef = 9CCD60BC1AC80FD4004537F8 /* OnMoveState.cpp */; };
		9CCD60C11AC80FE2004537F8 /* OnAttackState.cpp in Sources */ = {isa = PBXBuildFile; fileRef = 9CCD60BF1AC80FE2004537F8 /* OnAttackState.cpp */; };
		9CCD60C41ACDCCC3004537F8 /* Text.cpp in Sources */ = {isa = PBXBuildFile; fileRef = 9CCD60C21ACDCCC3004537F8 /* Text.cpp */; };
		9CCD60C71ACFE31B004537F8 /* UnitUIView.cpp in Sources */ = {isa = PBXBuildFile; fileRef = 9CCD60C51ACFE31B004537F8 /* UnitUIView.cpp */; };
		9CCD60D21AD3DEF3004537F8 /* AttackCommand.cpp in Sources */ = {isa = PBXBuildFile; fileRef = 9CCD60D01AD3DEF3004537F8 /* AttackCommand.cpp */; };
		9CF2462B1CFCD10300AF606D /* GameMinimax.cpp in Sources */ = {isa = PBXBuildFile; fileRef = 9CF2462A1CFCD10300AF606D /* GameMinimax.cpp */; };
		9CF2462C1CFCD10300AF606D /* GameMinimax.cpp in Sources */ = {isa = PBXBuildFile; fileRef = 9CF2462A1CFCD10300AF606D /* GameMinimax.cpp */; };
		9CF2462E1CFCD2B900AF606D /* GameState.cpp in Sources */ = {isa = PBXBuildFile; fileRef = 9CF2462D1CFCD2B900AF606D /* GameState.cpp */; };
		9CF246311CFCD3CD00AF606D /* GameStateTest.cpp in Sources */ = {isa = PBXBuildFile; fileRef = 9CF246301CFCD3CD00AF606D /* GameStateTest.cpp */; };
		9CF246341CFCE8C400AF606D /* GameState.cpp in Sources */ = {isa = PBXBuildFile; fileRef = 9CF2462D1CFCD2B900AF606D /* GameState.cpp */; };
		9CF246381CFE2C4500AF606D /* MapTest.cpp in Sources */ = {isa = PBXBuildFile; fileRef = 9CF246371CFE2C4500AF606D /* MapTest.cpp */; };
		9CF2463A1CFE32BF00AF606D /* PointTest.cpp in Sources */ = {isa = PBXBuildFile; fileRef = 9CF246391CFE32BF00AF606D /* PointTest.cpp */; };
		9CF2463C1CFF4FFC00AF606D /* UnitTest.cpp in Sources */ = {isa = PBXBuildFile; fileRef = 9CF2463B1CFF4FFC00AF606D /* UnitTest.cpp */; };
		9CF246421CFF895E00AF606D /* AreaIterator.cpp in Sources */ = {isa = PBXBuildFile; fileRef = 9CF246411CFF895E00AF606D /* AreaIterator.cpp */; };
		9CF246431CFF895E00AF606D /* AreaIterator.cpp in Sources */ = {isa = PBXBuildFile; fileRef = 9CF246411CFF895E00AF606D /* AreaIterator.cpp */; };
		9CF246451CFF8F9200AF606D /* UnitFilter.cpp in Sources */ = {isa = PBXBuildFile; fileRef = 9CF246441CFF8F9200AF606D /* UnitFilter.cpp */; };
		9CF246461CFF8F9200AF606D /* UnitFilter.cpp in Sources */ = {isa = PBXBuildFile; fileRef = 9CF246441CFF8F9200AF606D /* UnitFilter.cpp */; };
		9CF246491D00AA6F00AF606D /* AreaIteratorTest.cpp in Sources */ = {isa = PBXBuildFile; fileRef = 9CF246481D00AA6F00AF606D /* AreaIteratorTest.cpp */; };
		9CF2464B1D00CC5500AF606D /* IteratorFilterTest.cpp in Sources */ = {isa = PBXBuildFile; fileRef = 9CF2464A1D00CC5500AF606D /* IteratorFilterTest.cpp */; };
		9CF366D01D089229005A2B18 /* UnitMovementFilterTest.cpp in Sources */ = {isa = PBXBuildFile; fileRef = 9CF366CE1D089229005A2B18 /* UnitMovementFilterTest.cpp */; };
		9CFF77791AD57F5F002EBE3F /* Sprite.cpp in Sources */ = {isa = PBXBuildFile; fileRef = 9CFF77771AD57F5F002EBE3F /* Sprite.cpp */; };
/* End PBXBuildFile section */

/* Begin PBXContainerItemProxy section */
		9CAE2DF21AA76F8B00B6279D /* PBXContainerItemProxy */ = {
			isa = PBXContainerItemProxy;
			containerPortal = 9CAE2DD61AA76F8B00B6279D /* Project object */;
			proxyType = 1;
			remoteGlobalIDString = 9CAE2DDD1AA76F8B00B6279D;
			remoteInfo = ProjectWar;
		};
/* End PBXContainerItemProxy section */

/* Begin PBXCopyFilesBuildPhase section */
		3A0779B81CF49CCB00B8C065 /* CopyFiles */ = {
			isa = PBXCopyFilesBuildPhase;
			buildActionMask = 2147483647;
			dstPath = /usr/share/man/man1/;
			dstSubfolderSpec = 0;
			files = (
			);
			runOnlyForDeploymentPostprocessing = 1;
		};
/* End PBXCopyFilesBuildPhase section */

/* Begin PBXFileReference section */
		3A0779BA1CF49CCB00B8C065 /* Test */ = {isa = PBXFileReference; explicitFileType = "compiled.mach-o.executable"; includeInIndex = 0; path = Test; sourceTree = BUILT_PRODUCTS_DIR; };
		3A0779BC1CF49CCB00B8C065 /* main.cpp */ = {isa = PBXFileReference; lastKnownFileType = sourcecode.cpp.cpp; path = main.cpp; sourceTree = "<group>"; };
		3A0779F31CF49EFB00B8C065 /* gtest.framework */ = {isa = PBXFileReference; lastKnownFileType = wrapper.framework; name = gtest.framework; path = ../../../../Library/Frameworks/gtest.framework; sourceTree = "<group>"; };
		3A0779F91CF8613600B8C065 /* DotPath.h */ = {isa = PBXFileReference; lastKnownFileType = sourcecode.c.h; path = DotPath.h; sourceTree = "<group>"; };
		3A0779FA1CF8614500B8C065 /* DotPath.cpp */ = {isa = PBXFileReference; fileEncoding = 4; lastKnownFileType = sourcecode.cpp.cpp; path = DotPath.cpp; sourceTree = "<group>"; };
		3A0779FC1CF885A700B8C065 /* DotTest.cpp */ = {isa = PBXFileReference; fileEncoding = 4; lastKnownFileType = sourcecode.cpp.cpp; path = DotTest.cpp; sourceTree = "<group>"; };
		3A0779FF1CF887B100B8C065 /* GraphLogger.h */ = {isa = PBXFileReference; lastKnownFileType = sourcecode.c.h; path = GraphLogger.h; sourceTree = "<group>"; };
		3A077A001CF8882F00B8C065 /* MockGraphLogger.h */ = {isa = PBXFileReference; lastKnownFileType = sourcecode.c.h; path = MockGraphLogger.h; sourceTree = "<group>"; };
		3A2F169E1CFF1F1C00254750 /* Action.h */ = {isa = PBXFileReference; lastKnownFileType = sourcecode.c.h; path = Action.h; sourceTree = "<group>"; };
		3A2F169F1CFF1F2C00254750 /* Action.cpp */ = {isa = PBXFileReference; fileEncoding = 4; lastKnownFileType = sourcecode.cpp.cpp; path = Action.cpp; sourceTree = "<group>"; };
		3A2F16A61D00531700254750 /* IteratorFilter.cpp */ = {isa = PBXFileReference; fileEncoding = 4; lastKnownFileType = sourcecode.cpp.cpp; path = IteratorFilter.cpp; sourceTree = "<group>"; };
		3A2F16A91D0057F400254750 /* Iterator.h */ = {isa = PBXFileReference; lastKnownFileType = sourcecode.c.h; path = Iterator.h; sourceTree = "<group>"; };
		3A3892581D253DBF009EB3E1 /* MapLayerTest.cpp */ = {isa = PBXFileReference; fileEncoding = 4; lastKnownFileType = sourcecode.cpp.cpp; path = MapLayerTest.cpp; sourceTree = "<group>"; };
		3A38925B1D2D174F009EB3E1 /* MovesBuilder.cpp */ = {isa = PBXFileReference; fileEncoding = 4; lastKnownFileType = sourcecode.cpp.cpp; path = MovesBuilder.cpp; sourceTree = "<group>"; };
		3A38925D1D2D176E009EB3E1 /* MovesBuilder.h */ = {isa = PBXFileReference; fileEncoding = 4; lastKnownFileType = sourcecode.c.h; path = MovesBuilder.h; sourceTree = "<group>"; };
		3A3C1B131D23BC9800D0848F /* MapLayer.h */ = {isa = PBXFileReference; lastKnownFileType = sourcecode.c.h; path = MapLayer.h; sourceTree = "<group>"; };
		5567C0CD1CDA6D6D00DD8F3D /* soldier_blue.png */ = {isa = PBXFileReference; lastKnownFileType = image.png; path = soldier_blue.png; sourceTree = "<group>"; };
		5567C0CF1CDA701900DD8F3D /* soldier_red.png */ = {isa = PBXFileReference; lastKnownFileType = image.png; path = soldier_red.png; sourceTree = "<group>"; };
		55891C651AEE8A4400888AC7 /* GameState.h */ = {isa = PBXFileReference; fileEncoding = 4; lastKnownFileType = sourcecode.c.h; path = GameState.h; sourceTree = "<group>"; };
		55891C671AEE8A6700888AC7 /* Minimax.h */ = {isa = PBXFileReference; lastKnownFileType = sourcecode.c.h; path = Minimax.h; sourceTree = "<group>"; };
		55891C681AEE8A6700888AC7 /* Option.h */ = {isa = PBXFileReference; lastKnownFileType = sourcecode.c.h; path = Option.h; sourceTree = "<group>"; };
		55891C721AEE8AA200888AC7 /* Movement.h */ = {isa = PBXFileReference; lastKnownFileType = sourcecode.c.h; path = Movement.h; sourceTree = "<group>"; };
		55891C731AEE8AB600888AC7 /* Movement.cpp */ = {isa = PBXFileReference; fileEncoding = 4; lastKnownFileType = sourcecode.cpp.cpp; path = Movement.cpp; sourceTree = "<group>"; };
		55966F431ADC161400B36FA8 /* building.png */ = {isa = PBXFileReference; lastKnownFileType = image.png; path = building.png; sourceTree = "<group>"; };
		55966F451ADC163A00B36FA8 /* BuildingView.cpp */ = {isa = PBXFileReference; fileEncoding = 4; lastKnownFileType = sourcecode.cpp.cpp; path = BuildingView.cpp; sourceTree = "<group>"; };
		55966F461ADC163A00B36FA8 /* BuildingView.h */ = {isa = PBXFileReference; fileEncoding = 4; lastKnownFileType = sourcecode.c.h; path = BuildingView.h; sourceTree = "<group>"; };
		55966F481ADC164300B36FA8 /* Building.cpp */ = {isa = PBXFileReference; fileEncoding = 4; lastKnownFileType = sourcecode.cpp.cpp; path = Building.cpp; sourceTree = "<group>"; };
		55966F491ADC164300B36FA8 /* Building.h */ = {isa = PBXFileReference; fileEncoding = 4; lastKnownFileType = sourcecode.c.h; path = Building.h; sourceTree = "<group>"; };
		55966F4B1ADC166300B36FA8 /* CaptureCommand.cpp */ = {isa = PBXFileReference; fileEncoding = 4; lastKnownFileType = sourcecode.cpp.cpp; path = CaptureCommand.cpp; sourceTree = "<group>"; };
		55966F4C1ADC166300B36FA8 /* CaptureCommand.h */ = {isa = PBXFileReference; fileEncoding = 4; lastKnownFileType = sourcecode.c.h; path = CaptureCommand.h; sourceTree = "<group>"; };
		55966F4E1ADC167200B36FA8 /* capture_button.png */ = {isa = PBXFileReference; lastKnownFileType = image.png; path = capture_button.png; sourceTree = "<group>"; };
		55966F501ADC169C00B36FA8 /* link.png */ = {isa = PBXFileReference; lastKnownFileType = image.png; path = link.png; sourceTree = "<group>"; };
		55966F521ADC16C500B36FA8 /* target_tile_triangles.png */ = {isa = PBXFileReference; lastKnownFileType = image.png; path = target_tile_triangles.png; sourceTree = "<group>"; };
		55966F531ADC16C500B36FA8 /* target_tile_white.png */ = {isa = PBXFileReference; lastKnownFileType = image.png; path = target_tile_white.png; sourceTree = "<group>"; };
		55966F541ADC16C500B36FA8 /* target_tile.png */ = {isa = PBXFileReference; lastKnownFileType = image.png; path = target_tile.png; sourceTree = "<group>"; };
		55AD2B671AF0052E000F5B7E /* Player.h */ = {isa = PBXFileReference; lastKnownFileType = sourcecode.c.h; path = Player.h; sourceTree = "<group>"; };
		55AD2B681AF00552000F5B7E /* Player.cpp */ = {isa = PBXFileReference; fileEncoding = 4; lastKnownFileType = sourcecode.cpp.cpp; path = Player.cpp; sourceTree = "<group>"; };
		55C400311ADEADFB000792CF /* GameUI.cpp */ = {isa = PBXFileReference; fileEncoding = 4; lastKnownFileType = sourcecode.cpp.cpp; path = GameUI.cpp; sourceTree = "<group>"; };
		55C400321ADEADFB000792CF /* GameUI.h */ = {isa = PBXFileReference; fileEncoding = 4; lastKnownFileType = sourcecode.c.h; path = GameUI.h; sourceTree = "<group>"; };
		55D24B631D00D3F600949485 /* HeuristicFunction.h */ = {isa = PBXFileReference; lastKnownFileType = sourcecode.c.h; path = HeuristicFunction.h; sourceTree = "<group>"; };
		55D24B641D00D58900949485 /* HeuristicFunction.cpp */ = {isa = PBXFileReference; fileEncoding = 4; lastKnownFileType = sourcecode.cpp.cpp; path = HeuristicFunction.cpp; sourceTree = "<group>"; };
		55D24B661D00D5C300949485 /* HeuristicTest.cpp */ = {isa = PBXFileReference; fileEncoding = 4; lastKnownFileType = sourcecode.cpp.cpp; path = HeuristicTest.cpp; sourceTree = "<group>"; };
		55F447E41AD70DAC00F994F2 /* attack_button.bmp */ = {isa = PBXFileReference; lastKnownFileType = image.bmp; path = attack_button.bmp; sourceTree = "<group>"; };
		55F447E51AD70DAC00F994F2 /* cancel_button.bmp */ = {isa = PBXFileReference; lastKnownFileType = image.bmp; path = cancel_button.bmp; sourceTree = "<group>"; };
		55F447E61AD70DAC00F994F2 /* end_button.bmp */ = {isa = PBXFileReference; lastKnownFileType = image.bmp; path = end_button.bmp; sourceTree = "<group>"; };
		55F447E71AD70DAC00F994F2 /* wait_button.bmp */ = {isa = PBXFileReference; lastKnownFileType = image.bmp; path = wait_button.bmp; sourceTree = "<group>"; };
		55F447ED1AD713FC00F994F2 /* PlayerAI.h */ = {isa = PBXFileReference; fileEncoding = 4; lastKnownFileType = sourcecode.c.h; path = PlayerAI.h; sourceTree = "<group>"; };
		55F447EE1AD713FC00F994F2 /* PlayerAI.cpp */ = {isa = PBXFileReference; fileEncoding = 4; lastKnownFileType = sourcecode.cpp.cpp; path = PlayerAI.cpp; sourceTree = "<group>"; };
		9C0A5A671AC03F0A00BF793E /* ProjectAI.cpp */ = {isa = PBXFileReference; fileEncoding = 4; lastKnownFileType = sourcecode.cpp.cpp; path = ProjectAI.cpp; sourceTree = "<group>"; };
		9C0A5A681AC03F0A00BF793E /* ProjectAI.h */ = {isa = PBXFileReference; fileEncoding = 4; lastKnownFileType = sourcecode.c.h; path = ProjectAI.h; sourceTree = "<group>"; };
		9C0A5A6A1AC0416700BF793E /* GameImplementation.h */ = {isa = PBXFileReference; lastKnownFileType = sourcecode.c.h; path = GameImplementation.h; sourceTree = "<group>"; };
		9C0A5A6C1AC171E700BF793E /* UIComponent.h */ = {isa = PBXFileReference; lastKnownFileType = sourcecode.c.h; path = UIComponent.h; sourceTree = "<group>"; };
		9C0A5A6D1AC171F300BF793E /* Params.h */ = {isa = PBXFileReference; lastKnownFileType = sourcecode.c.h; path = Params.h; sourceTree = "<group>"; };
		9C0A5A6F1AC174E700BF793E /* Layout.cpp */ = {isa = PBXFileReference; fileEncoding = 4; lastKnownFileType = sourcecode.cpp.cpp; path = Layout.cpp; sourceTree = "<group>"; };
		9C0A5A701AC174E700BF793E /* Layout.h */ = {isa = PBXFileReference; fileEncoding = 4; lastKnownFileType = sourcecode.c.h; path = Layout.h; sourceTree = "<group>"; };
		9C0A5A721AC176A300BF793E /* Button.cpp */ = {isa = PBXFileReference; fileEncoding = 4; lastKnownFileType = sourcecode.cpp.cpp; path = Button.cpp; sourceTree = "<group>"; };
		9C0A5A731AC176A300BF793E /* Button.h */ = {isa = PBXFileReference; fileEncoding = 4; lastKnownFileType = sourcecode.c.h; path = Button.h; sourceTree = "<group>"; };
		9C0A5A751AC17A8D00BF793E /* UIComponent.cpp */ = {isa = PBXFileReference; fileEncoding = 4; lastKnownFileType = sourcecode.cpp.cpp; path = UIComponent.cpp; sourceTree = "<group>"; };
		9C0A5A771AC1E9AF00BF793E /* sprites.bmp */ = {isa = PBXFileReference; lastKnownFileType = image.bmp; path = sprites.bmp; sourceTree = "<group>"; };
		9C0A5A791AC2D13F00BF793E /* link.bmp */ = {isa = PBXFileReference; lastKnownFileType = image.bmp; path = link.bmp; sourceTree = "<group>"; };
		9C0A5A7D1AC32E4600BF793E /* mario.bmp */ = {isa = PBXFileReference; lastKnownFileType = image.bmp; path = mario.bmp; sourceTree = "<group>"; };
		9C0A5A811AC57C5D00BF793E /* InfoTile.h */ = {isa = PBXFileReference; fileEncoding = 4; lastKnownFileType = sourcecode.c.h; path = InfoTile.h; sourceTree = "<group>"; };
		9C6613861AA771930094B72F /* SDL2.framework */ = {isa = PBXFileReference; lastKnownFileType = wrapper.framework; name = SDL2.framework; path = ../../../../../Library/Frameworks/SDL2.framework; sourceTree = "<group>"; };
		9C6685C51AD6E41700C9DFAD /* SDL2_image.framework */ = {isa = PBXFileReference; lastKnownFileType = wrapper.framework; name = SDL2_image.framework; path = ../../../../Library/Frameworks/SDL2_image.framework; sourceTree = "<group>"; };
		9C6685C71AD6E49C00C9DFAD /* target_tile.png */ = {isa = PBXFileReference; lastKnownFileType = image.png; path = target_tile.png; sourceTree = "<group>"; };
		9C800B021AB743F3003FE2AA /* PlayerController.cpp */ = {isa = PBXFileReference; fileEncoding = 4; lastKnownFileType = sourcecode.cpp.cpp; path = PlayerController.cpp; sourceTree = "<group>"; };
		9C800B031AB743F3003FE2AA /* PlayerController.h */ = {isa = PBXFileReference; fileEncoding = 4; lastKnownFileType = sourcecode.c.h; path = PlayerController.h; sourceTree = "<group>"; };
		9C800B051AB7440E003FE2AA /* PlayerView.cpp */ = {isa = PBXFileReference; fileEncoding = 4; lastKnownFileType = sourcecode.cpp.cpp; path = PlayerView.cpp; sourceTree = "<group>"; };
		9C800B061AB7440E003FE2AA /* PlayerView.h */ = {isa = PBXFileReference; fileEncoding = 4; lastKnownFileType = sourcecode.c.h; path = PlayerView.h; sourceTree = "<group>"; };
		9C800B0B1AB7441C003FE2AA /* Observer.h */ = {isa = PBXFileReference; lastKnownFileType = sourcecode.c.h; path = Observer.h; sourceTree = "<group>"; };
		9C800B0C1AB7443C003FE2AA /* Model.cpp */ = {isa = PBXFileReference; fileEncoding = 4; lastKnownFileType = sourcecode.cpp.cpp; path = Model.cpp; sourceTree = "<group>"; };
		9C800B0D1AB7443C003FE2AA /* Model.h */ = {isa = PBXFileReference; fileEncoding = 4; lastKnownFileType = sourcecode.c.h; path = Model.h; sourceTree = "<group>"; };
		9C800B0E1AB7443C003FE2AA /* Observable.cpp */ = {isa = PBXFileReference; fileEncoding = 4; lastKnownFileType = sourcecode.cpp.cpp; path = Observable.cpp; sourceTree = "<group>"; };
		9C800B0F1AB7443C003FE2AA /* Observable.h */ = {isa = PBXFileReference; fileEncoding = 4; lastKnownFileType = sourcecode.c.h; path = Observable.h; sourceTree = "<group>"; };
		9C800B121AB7443C003FE2AA /* Unit.cpp */ = {isa = PBXFileReference; fileEncoding = 4; lastKnownFileType = sourcecode.cpp.cpp; path = Unit.cpp; sourceTree = "<group>"; };
		9C800B131AB7443C003FE2AA /* Unit.h */ = {isa = PBXFileReference; fileEncoding = 4; lastKnownFileType = sourcecode.c.h; path = Unit.h; sourceTree = "<group>"; };
		9C800B191AB74485003FE2AA /* Color.h */ = {isa = PBXFileReference; fileEncoding = 4; lastKnownFileType = sourcecode.c.h; path = Color.h; sourceTree = "<group>"; };
		9C800B1C1AB74485003FE2AA /* Map.cpp */ = {isa = PBXFileReference; fileEncoding = 4; lastKnownFileType = sourcecode.cpp.cpp; path = Map.cpp; sourceTree = "<group>"; };
		9C800B1D1AB74485003FE2AA /* Map.h */ = {isa = PBXFileReference; fileEncoding = 4; lastKnownFileType = sourcecode.c.h; path = Map.h; sourceTree = "<group>"; };
		9C800B1E1AB74485003FE2AA /* Tile.cpp */ = {isa = PBXFileReference; fileEncoding = 4; lastKnownFileType = sourcecode.cpp.cpp; path = Tile.cpp; sourceTree = "<group>"; };
		9C800B1F1AB74485003FE2AA /* Tile.h */ = {isa = PBXFileReference; fileEncoding = 4; lastKnownFileType = sourcecode.c.h; path = Tile.h; sourceTree = "<group>"; };
		9C800B241AB74989003FE2AA /* test.bmp */ = {isa = PBXFileReference; lastKnownFileType = image.bmp; path = test.bmp; sourceTree = "<group>"; };
		9C800B261AB86673003FE2AA /* UnitView.cpp */ = {isa = PBXFileReference; fileEncoding = 4; lastKnownFileType = sourcecode.cpp.cpp; path = UnitView.cpp; sourceTree = "<group>"; };
		9C800B271AB86673003FE2AA /* UnitView.h */ = {isa = PBXFileReference; fileEncoding = 4; lastKnownFileType = sourcecode.c.h; path = UnitView.h; sourceTree = "<group>"; };
		9C800B2B1AB86A97003FE2AA /* UnitController.cpp */ = {isa = PBXFileReference; fileEncoding = 4; lastKnownFileType = sourcecode.cpp.cpp; path = UnitController.cpp; sourceTree = "<group>"; };
		9C800B2C1AB86A97003FE2AA /* UnitController.h */ = {isa = PBXFileReference; fileEncoding = 4; lastKnownFileType = sourcecode.c.h; path = UnitController.h; sourceTree = "<group>"; };
		9C800B311AB88B48003FE2AA /* SpriteFactory.cpp */ = {isa = PBXFileReference; fileEncoding = 4; lastKnownFileType = sourcecode.cpp.cpp; path = SpriteFactory.cpp; sourceTree = "<group>"; };
		9C800B321AB88B48003FE2AA /* SpriteFactory.h */ = {isa = PBXFileReference; fileEncoding = 4; lastKnownFileType = sourcecode.c.h; path = SpriteFactory.h; sourceTree = "<group>"; };
		9C800B351AB9CC89003FE2AA /* IPlayerEventsListener.h */ = {isa = PBXFileReference; fileEncoding = 4; lastKnownFileType = sourcecode.c.h; path = IPlayerEventsListener.h; sourceTree = "<group>"; };
		9C800B3B1ABADA3C003FE2AA /* State.h */ = {isa = PBXFileReference; lastKnownFileType = sourcecode.c.h; path = State.h; sourceTree = "<group>"; };
		9C800B3D1ABADC7F003FE2AA /* NothingSelectedState.cpp */ = {isa = PBXFileReference; fileEncoding = 4; lastKnownFileType = sourcecode.cpp.cpp; path = NothingSelectedState.cpp; sourceTree = "<group>"; };
		9C800B3E1ABADC7F003FE2AA /* NothingSelectedState.h */ = {isa = PBXFileReference; fileEncoding = 4; lastKnownFileType = sourcecode.c.h; path = NothingSelectedState.h; sourceTree = "<group>"; };
		9C800B411ABADE3B003FE2AA /* UnitSelectedState.cpp */ = {isa = PBXFileReference; fileEncoding = 4; lastKnownFileType = sourcecode.cpp.cpp; path = UnitSelectedState.cpp; sourceTree = "<group>"; };
		9C800B421ABADE3B003FE2AA /* UnitSelectedState.h */ = {isa = PBXFileReference; fileEncoding = 4; lastKnownFileType = sourcecode.c.h; path = UnitSelectedState.h; sourceTree = "<group>"; };
		9C800B441ABC3542003FE2AA /* animate.png */ = {isa = PBXFileReference; lastKnownFileType = image.png; path = animate.png; sourceTree = "<group>"; };
		9C800B461ABC366E003FE2AA /* animate.bmp */ = {isa = PBXFileReference; lastKnownFileType = image.bmp; path = animate.bmp; sourceTree = "<group>"; };
		9C800B4A1ABD8297003FE2AA /* Command.h */ = {isa = PBXFileReference; fileEncoding = 4; lastKnownFileType = sourcecode.c.h; path = Command.h; sourceTree = "<group>"; };
		9C800B4D1ABD8323003FE2AA /* MoveCommand.cpp */ = {isa = PBXFileReference; fileEncoding = 4; lastKnownFileType = sourcecode.cpp.cpp; path = MoveCommand.cpp; sourceTree = "<group>"; };
		9C800B4E1ABD8323003FE2AA /* MoveCommand.h */ = {isa = PBXFileReference; fileEncoding = 4; lastKnownFileType = sourcecode.c.h; path = MoveCommand.h; sourceTree = "<group>"; };
		9C8FBFE21AAEF19C00C4EB1F /* Game.cpp */ = {isa = PBXFileReference; fileEncoding = 4; lastKnownFileType = sourcecode.cpp.cpp; path = Game.cpp; sourceTree = "<group>"; };
		9C8FBFE31AAEF19C00C4EB1F /* Game.h */ = {isa = PBXFileReference; fileEncoding = 4; lastKnownFileType = sourcecode.c.h; path = Game.h; sourceTree = "<group>"; };
		9C8FBFE81AAEF47700C4EB1F /* InputHandler.cpp */ = {isa = PBXFileReference; fileEncoding = 4; lastKnownFileType = sourcecode.cpp.cpp; path = InputHandler.cpp; sourceTree = "<group>"; };
		9C8FBFE91AAEF47700C4EB1F /* InputHandler.h */ = {isa = PBXFileReference; fileEncoding = 4; lastKnownFileType = sourcecode.c.h; path = InputHandler.h; sourceTree = "<group>"; };
		9C8FBFEB1AAF043A00C4EB1F /* Renderer.cpp */ = {isa = PBXFileReference; fileEncoding = 4; lastKnownFileType = sourcecode.cpp.cpp; path = Renderer.cpp; sourceTree = "<group>"; };
		9C8FBFEC1AAF043A00C4EB1F /* Renderer.h */ = {isa = PBXFileReference; fileEncoding = 4; lastKnownFileType = sourcecode.c.h; path = Renderer.h; sourceTree = "<group>"; };
		9C8FBFEE1AAF047A00C4EB1F /* Texture.cpp */ = {isa = PBXFileReference; fileEncoding = 4; lastKnownFileType = sourcecode.cpp.cpp; path = Texture.cpp; sourceTree = "<group>"; };
		9C8FBFEF1AAF047A00C4EB1F /* Texture.h */ = {isa = PBXFileReference; fileEncoding = 4; lastKnownFileType = sourcecode.c.h; path = Texture.h; sourceTree = "<group>"; };
		9C8FBFF11AAF048D00C4EB1F /* Scene.cpp */ = {isa = PBXFileReference; fileEncoding = 4; lastKnownFileType = sourcecode.cpp.cpp; path = Scene.cpp; sourceTree = "<group>"; };
		9C8FBFF21AAF048D00C4EB1F /* Scene.h */ = {isa = PBXFileReference; fileEncoding = 4; lastKnownFileType = sourcecode.c.h; path = Scene.h; sourceTree = "<group>"; };
		9C8FBFF41AAF06DF00C4EB1F /* SDLRenderer.cpp */ = {isa = PBXFileReference; fileEncoding = 4; lastKnownFileType = sourcecode.cpp.cpp; path = SDLRenderer.cpp; sourceTree = "<group>"; };
		9C8FBFF51AAF06DF00C4EB1F /* SDLRenderer.h */ = {isa = PBXFileReference; fileEncoding = 4; lastKnownFileType = sourcecode.c.h; path = SDLRenderer.h; sourceTree = "<group>"; };
		9C8FBFF71AAF44E500C4EB1F /* SDLTexture.cpp */ = {isa = PBXFileReference; fileEncoding = 4; lastKnownFileType = sourcecode.cpp.cpp; path = SDLTexture.cpp; sourceTree = "<group>"; };
		9C8FBFF81AAF44E500C4EB1F /* SDLTexture.h */ = {isa = PBXFileReference; fileEncoding = 4; lastKnownFileType = sourcecode.c.h; path = SDLTexture.h; sourceTree = "<group>"; };
		9C8FBFFB1AAF45CF00C4EB1F /* Point.h */ = {isa = PBXFileReference; fileEncoding = 4; lastKnownFileType = sourcecode.c.h; path = Point.h; sourceTree = "<group>"; };
		9C8FBFFE1AB056D700C4EB1F /* rider.bmp */ = {isa = PBXFileReference; lastKnownFileType = image.bmp; path = rider.bmp; sourceTree = "<group>"; };
		9C8FC0001AB1958D00C4EB1F /* SDLInputHandler.cpp */ = {isa = PBXFileReference; fileEncoding = 4; lastKnownFileType = sourcecode.cpp.cpp; path = SDLInputHandler.cpp; sourceTree = "<group>"; };
		9C8FC0011AB1958D00C4EB1F /* SDLInputHandler.h */ = {isa = PBXFileReference; fileEncoding = 4; lastKnownFileType = sourcecode.c.h; path = SDLInputHandler.h; sourceTree = "<group>"; };
		9C8FC0031AB1A6E600C4EB1F /* Event.cpp */ = {isa = PBXFileReference; fileEncoding = 4; lastKnownFileType = sourcecode.cpp.cpp; path = Event.cpp; sourceTree = "<group>"; };
		9C8FC0041AB1A6E600C4EB1F /* Event.h */ = {isa = PBXFileReference; fileEncoding = 4; lastKnownFileType = sourcecode.c.h; path = Event.h; sourceTree = "<group>"; };
		9C8FC0061AB1BCC400C4EB1F /* IGameEventsListener.h */ = {isa = PBXFileReference; lastKnownFileType = sourcecode.c.h; path = IGameEventsListener.h; sourceTree = "<group>"; };
		9CAE2DDE1AA76F8B00B6279D /* ProjectWar.app */ = {isa = PBXFileReference; explicitFileType = wrapper.application; includeInIndex = 0; path = ProjectWar.app; sourceTree = BUILT_PRODUCTS_DIR; };
		9CAE2DE21AA76F8B00B6279D /* Info.plist */ = {isa = PBXFileReference; lastKnownFileType = text.plist.xml; path = Info.plist; sourceTree = "<group>"; };
		9CAE2DE61AA76F8B00B6279D /* main.m */ = {isa = PBXFileReference; lastKnownFileType = sourcecode.c.objc; path = main.m; sourceTree = "<group>"; };
		9CAE2DF11AA76F8B00B6279D /* ProjectWarTests.xctest */ = {isa = PBXFileReference; explicitFileType = wrapper.cfbundle; includeInIndex = 0; path = ProjectWarTests.xctest; sourceTree = BUILT_PRODUCTS_DIR; };
		9CAE2DF61AA76F8B00B6279D /* Info.plist */ = {isa = PBXFileReference; lastKnownFileType = text.plist.xml; path = Info.plist; sourceTree = "<group>"; };
		9CAE2DF71AA76F8B00B6279D /* ProjectWarTests.m */ = {isa = PBXFileReference; lastKnownFileType = sourcecode.c.objc; path = ProjectWarTests.m; sourceTree = "<group>"; };
		9CAE2E031AA76FE700B6279D /* main.cpp */ = {isa = PBXFileReference; fileEncoding = 4; lastKnownFileType = sourcecode.cpp.cpp; path = main.cpp; sourceTree = "<group>"; };
		9CB5E66D1D291AE30067F160 /* PlayerTest.cpp */ = {isa = PBXFileReference; fileEncoding = 4; lastKnownFileType = sourcecode.cpp.cpp; path = PlayerTest.cpp; sourceTree = "<group>"; };
		9CBEB9BB1CF37F5600CA82DE /* GameException.h */ = {isa = PBXFileReference; lastKnownFileType = sourcecode.c.h; path = GameException.h; sourceTree = "<group>"; };
		9CBEB9BE1CF7758100CA82DE /* MinimaxTest.cpp */ = {isa = PBXFileReference; fileEncoding = 4; lastKnownFileType = sourcecode.cpp.cpp; path = MinimaxTest.cpp; sourceTree = "<group>"; };
		9CBEB9C21CF7765B00CA82DE /* MockMinimax.h */ = {isa = PBXFileReference; fileEncoding = 4; lastKnownFileType = sourcecode.c.h; path = MockMinimax.h; sourceTree = "<group>"; };
		9CBEB9C71CF77BF000CA82DE /* MinimaxAlgorithm.cpp */ = {isa = PBXFileReference; fileEncoding = 4; lastKnownFileType = sourcecode.cpp.cpp; path = MinimaxAlgorithm.cpp; sourceTree = "<group>"; };
		9CBEB9C81CF77BF000CA82DE /* MinimaxAlgorithm.hpp */ = {isa = PBXFileReference; fileEncoding = 4; lastKnownFileType = sourcecode.cpp.h; path = MinimaxAlgorithm.hpp; sourceTree = "<group>"; };
		9CBEB9CE1CF796E700CA82DE /* MockOption.h */ = {isa = PBXFileReference; lastKnownFileType = sourcecode.c.h; path = MockOption.h; sourceTree = "<group>"; };
		9CCD60B11AC6A659004537F8 /* SDL2_ttf.framework */ = {isa = PBXFileReference; lastKnownFileType = wrapper.framework; name = SDL2_ttf.framework; path = ../../../../Library/Frameworks/SDL2_ttf.framework; sourceTree = "<group>"; };
		9CCD60B51AC6B283004537F8 /* OpenSans-Regular.ttf */ = {isa = PBXFileReference; lastKnownFileType = file; path = "OpenSans-Regular.ttf"; sourceTree = "<group>"; };
		9CCD60B61AC80DD8004537F8 /* OnCommandState.cpp */ = {isa = PBXFileReference; fileEncoding = 4; lastKnownFileType = sourcecode.cpp.cpp; path = OnCommandState.cpp; sourceTree = "<group>"; };
		9CCD60B71AC80DD8004537F8 /* OnCommandState.h */ = {isa = PBXFileReference; fileEncoding = 4; lastKnownFileType = sourcecode.c.h; path = OnCommandState.h; sourceTree = "<group>"; };
		9CCD60BC1AC80FD4004537F8 /* OnMoveState.cpp */ = {isa = PBXFileReference; fileEncoding = 4; lastKnownFileType = sourcecode.cpp.cpp; path = OnMoveState.cpp; sourceTree = "<group>"; };
		9CCD60BD1AC80FD4004537F8 /* OnMoveState.h */ = {isa = PBXFileReference; fileEncoding = 4; lastKnownFileType = sourcecode.c.h; path = OnMoveState.h; sourceTree = "<group>"; };
		9CCD60BF1AC80FE2004537F8 /* OnAttackState.cpp */ = {isa = PBXFileReference; fileEncoding = 4; lastKnownFileType = sourcecode.cpp.cpp; path = OnAttackState.cpp; sourceTree = "<group>"; };
		9CCD60C01AC80FE2004537F8 /* OnAttackState.h */ = {isa = PBXFileReference; fileEncoding = 4; lastKnownFileType = sourcecode.c.h; path = OnAttackState.h; sourceTree = "<group>"; };
		9CCD60C21ACDCCC3004537F8 /* Text.cpp */ = {isa = PBXFileReference; fileEncoding = 4; lastKnownFileType = sourcecode.cpp.cpp; path = Text.cpp; sourceTree = "<group>"; };
		9CCD60C31ACDCCC3004537F8 /* Text.h */ = {isa = PBXFileReference; fileEncoding = 4; lastKnownFileType = sourcecode.c.h; path = Text.h; sourceTree = "<group>"; };
		9CCD60C51ACFE31B004537F8 /* UnitUIView.cpp */ = {isa = PBXFileReference; fileEncoding = 4; lastKnownFileType = sourcecode.cpp.cpp; path = UnitUIView.cpp; sourceTree = "<group>"; };
		9CCD60C61ACFE31B004537F8 /* UnitUIView.h */ = {isa = PBXFileReference; fileEncoding = 4; lastKnownFileType = sourcecode.c.h; path = UnitUIView.h; sourceTree = "<group>"; };
		9CCD60D01AD3DEF3004537F8 /* AttackCommand.cpp */ = {isa = PBXFileReference; fileEncoding = 4; lastKnownFileType = sourcecode.cpp.cpp; path = AttackCommand.cpp; sourceTree = "<group>"; };
		9CCD60D11AD3DEF3004537F8 /* AttackCommand.h */ = {isa = PBXFileReference; fileEncoding = 4; lastKnownFileType = sourcecode.c.h; path = AttackCommand.h; sourceTree = "<group>"; };
		9CF246291CFCD0EF00AF606D /* GameMinimax.h */ = {isa = PBXFileReference; lastKnownFileType = sourcecode.c.h; path = GameMinimax.h; sourceTree = "<group>"; };
		9CF2462A1CFCD10300AF606D /* GameMinimax.cpp */ = {isa = PBXFileReference; fileEncoding = 4; lastKnownFileType = sourcecode.cpp.cpp; path = GameMinimax.cpp; sourceTree = "<group>"; };
		9CF2462D1CFCD2B900AF606D /* GameState.cpp */ = {isa = PBXFileReference; fileEncoding = 4; lastKnownFileType = sourcecode.cpp.cpp; path = GameState.cpp; sourceTree = "<group>"; };
		9CF246301CFCD3CD00AF606D /* GameStateTest.cpp */ = {isa = PBXFileReference; fileEncoding = 4; lastKnownFileType = sourcecode.cpp.cpp; path = GameStateTest.cpp; sourceTree = "<group>"; };
		9CF246321CFCD9B800AF606D /* IPlayer.h */ = {isa = PBXFileReference; lastKnownFileType = sourcecode.c.h; path = IPlayer.h; sourceTree = "<group>"; };
		9CF246331CFCDA3F00AF606D /* MockPlayer.h */ = {isa = PBXFileReference; lastKnownFileType = sourcecode.c.h; path = MockPlayer.h; sourceTree = "<group>"; };
		9CF246351CFE293600AF606D /* IMap.h */ = {isa = PBXFileReference; lastKnownFileType = sourcecode.c.h; path = IMap.h; sourceTree = "<group>"; };
		9CF246361CFE2BA300AF606D /* MockMap.h */ = {isa = PBXFileReference; lastKnownFileType = sourcecode.c.h; path = MockMap.h; sourceTree = "<group>"; };
		9CF246371CFE2C4500AF606D /* MapTest.cpp */ = {isa = PBXFileReference; fileEncoding = 4; lastKnownFileType = sourcecode.cpp.cpp; path = MapTest.cpp; sourceTree = "<group>"; };
		9CF246391CFE32BF00AF606D /* PointTest.cpp */ = {isa = PBXFileReference; fileEncoding = 4; lastKnownFileType = sourcecode.cpp.cpp; path = PointTest.cpp; sourceTree = "<group>"; };
		9CF2463B1CFF4FFC00AF606D /* UnitTest.cpp */ = {isa = PBXFileReference; fileEncoding = 4; lastKnownFileType = sourcecode.cpp.cpp; path = UnitTest.cpp; sourceTree = "<group>"; };
		9CF2463D1CFF51F800AF606D /* gmock.framework */ = {isa = PBXFileReference; lastKnownFileType = wrapper.framework; name = gmock.framework; path = ../../../../Library/Frameworks/gmock.framework; sourceTree = "<group>"; };
		9CF2463F1CFF892D00AF606D /* IteratorFilter.h */ = {isa = PBXFileReference; lastKnownFileType = sourcecode.c.h; path = IteratorFilter.h; sourceTree = "<group>"; };
		9CF246401CFF894F00AF606D /* AreaIterator.h */ = {isa = PBXFileReference; lastKnownFileType = sourcecode.c.h; path = AreaIterator.h; sourceTree = "<group>"; };
		9CF246411CFF895E00AF606D /* AreaIterator.cpp */ = {isa = PBXFileReference; fileEncoding = 4; lastKnownFileType = sourcecode.cpp.cpp; path = AreaIterator.cpp; sourceTree = "<group>"; };
		9CF246441CFF8F9200AF606D /* UnitFilter.cpp */ = {isa = PBXFileReference; fileEncoding = 4; lastKnownFileType = sourcecode.cpp.cpp; path = UnitFilter.cpp; sourceTree = "<group>"; };
		9CF246471CFF8FCB00AF606D /* UnitFilter.h */ = {isa = PBXFileReference; lastKnownFileType = sourcecode.c.h; path = UnitFilter.h; sourceTree = "<group>"; };
		9CF246481D00AA6F00AF606D /* AreaIteratorTest.cpp */ = {isa = PBXFileReference; fileEncoding = 4; lastKnownFileType = sourcecode.cpp.cpp; path = AreaIteratorTest.cpp; sourceTree = "<group>"; };
		9CF2464A1D00CC5500AF606D /* IteratorFilterTest.cpp */ = {isa = PBXFileReference; fileEncoding = 4; lastKnownFileType = sourcecode.cpp.cpp; path = IteratorFilterTest.cpp; sourceTree = "<group>"; };
		9CF366CE1D089229005A2B18 /* UnitMovementFilterTest.cpp */ = {isa = PBXFileReference; fileEncoding = 4; lastKnownFileType = sourcecode.cpp.cpp; path = UnitMovementFilterTest.cpp; sourceTree = "<group>"; };
		9CF366D11D0892D3005A2B18 /* MockIterator.h */ = {isa = PBXFileReference; lastKnownFileType = sourcecode.c.h; path = MockIterator.h; sourceTree = "<group>"; };
		9CFF77771AD57F5F002EBE3F /* Sprite.cpp */ = {isa = PBXFileReference; fileEncoding = 4; lastKnownFileType = sourcecode.cpp.cpp; path = Sprite.cpp; sourceTree = "<group>"; };
		9CFF77781AD57F5F002EBE3F /* Sprite.h */ = {isa = PBXFileReference; fileEncoding = 4; lastKnownFileType = sourcecode.c.h; path = Sprite.h; sourceTree = "<group>"; };
/* End PBXFileReference section */

/* Begin PBXFrameworksBuildPhase section */
		3A0779B71CF49CCB00B8C065 /* Frameworks */ = {
			isa = PBXFrameworksBuildPhase;
			buildActionMask = 2147483647;
			files = (
				3A38925A1D266995009EB3E1 /* gmock.framework in Frameworks */,
				3A0779F41CF49EFB00B8C065 /* gtest.framework in Frameworks */,
				3A0779F01CF49EFB00B8C065 /* SDL2_image.framework in Frameworks */,
				3A0779F11CF49EFB00B8C065 /* SDL2_ttf.framework in Frameworks */,
				3A0779F21CF49EFB00B8C065 /* SDL2.framework in Frameworks */,
			);
			runOnlyForDeploymentPostprocessing = 0;
		};
		9CAE2DDB1AA76F8B00B6279D /* Frameworks */ = {
			isa = PBXFrameworksBuildPhase;
			buildActionMask = 2147483647;
			files = (
				9C6685C61AD6E41700C9DFAD /* SDL2_image.framework in Frameworks */,
				9CCD60B21AC6A659004537F8 /* SDL2_ttf.framework in Frameworks */,
				9C6613881AA774BD0094B72F /* SDL2.framework in Frameworks */,
			);
			runOnlyForDeploymentPostprocessing = 0;
		};
		9CAE2DEE1AA76F8B00B6279D /* Frameworks */ = {
			isa = PBXFrameworksBuildPhase;
			buildActionMask = 2147483647;
			files = (
			);
			runOnlyForDeploymentPostprocessing = 0;
		};
/* End PBXFrameworksBuildPhase section */

/* Begin PBXGroup section */
		3A0779BB1CF49CCB00B8C065 /* Test */ = {
			isa = PBXGroup;
			children = (
				3A0779BC1CF49CCB00B8C065 /* main.cpp */,
				9CBEB9BE1CF7758100CA82DE /* MinimaxTest.cpp */,
				9CBEB9C21CF7765B00CA82DE /* MockMinimax.h */,
				9CBEB9CE1CF796E700CA82DE /* MockOption.h */,
				3A0779FC1CF885A700B8C065 /* DotTest.cpp */,
				3A077A001CF8882F00B8C065 /* MockGraphLogger.h */,
				9CF246301CFCD3CD00AF606D /* GameStateTest.cpp */,
				9CF246331CFCDA3F00AF606D /* MockPlayer.h */,
				9CF246361CFE2BA300AF606D /* MockMap.h */,
				9CF246371CFE2C4500AF606D /* MapTest.cpp */,
				9CF246391CFE32BF00AF606D /* PointTest.cpp */,
				9CF2463B1CFF4FFC00AF606D /* UnitTest.cpp */,
				55D24B661D00D5C300949485 /* HeuristicTest.cpp */,
				9CF246481D00AA6F00AF606D /* AreaIteratorTest.cpp */,
				9CF2464A1D00CC5500AF606D /* IteratorFilterTest.cpp */,
				9CF366CE1D089229005A2B18 /* UnitMovementFilterTest.cpp */,
				9CF366D11D0892D3005A2B18 /* MockIterator.h */,
				3A3892581D253DBF009EB3E1 /* MapLayerTest.cpp */,
				9CB5E66D1D291AE30067F160 /* PlayerTest.cpp */,
			);
			path = Test;
			sourceTree = "<group>";
		};
		55891C621AEE8A0600888AC7 /* minimax */ = {
			isa = PBXGroup;
			children = (
				55891C671AEE8A6700888AC7 /* Minimax.h */,
				55891C681AEE8A6700888AC7 /* Option.h */,
				9CBEB9C71CF77BF000CA82DE /* MinimaxAlgorithm.cpp */,
				9CBEB9C81CF77BF000CA82DE /* MinimaxAlgorithm.hpp */,
			);
			name = minimax;
			sourceTree = "<group>";
		};
		55891C751AEE8ABF00888AC7 /* player */ = {
			isa = PBXGroup;
			children = (
				55F447ED1AD713FC00F994F2 /* PlayerAI.h */,
				55F447EE1AD713FC00F994F2 /* PlayerAI.cpp */,
				55891C721AEE8AA200888AC7 /* Movement.h */,
				55891C731AEE8AB600888AC7 /* Movement.cpp */,
				3A2F169E1CFF1F1C00254750 /* Action.h */,
				3A2F169F1CFF1F2C00254750 /* Action.cpp */,
			);
			name = player;
			sourceTree = "<group>";
		};
		55F447EC1AD713DF00F994F2 /* ai */ = {
			isa = PBXGroup;
			children = (
				9CF246291CFCD0EF00AF606D /* GameMinimax.h */,
				9CF2462A1CFCD10300AF606D /* GameMinimax.cpp */,
				55891C651AEE8A4400888AC7 /* GameState.h */,
				9CF2462D1CFCD2B900AF606D /* GameState.cpp */,
				55D24B631D00D3F600949485 /* HeuristicFunction.h */,
				55D24B641D00D58900949485 /* HeuristicFunction.cpp */,
				55891C751AEE8ABF00888AC7 /* player */,
				55891C621AEE8A0600888AC7 /* minimax */,
				9CF2463F1CFF892D00AF606D /* IteratorFilter.h */,
				3A2F16A61D00531700254750 /* IteratorFilter.cpp */,
				3A2F16A91D0057F400254750 /* Iterator.h */,
				9CF246401CFF894F00AF606D /* AreaIterator.h */,
				9CF246411CFF895E00AF606D /* AreaIterator.cpp */,
				9CF246441CFF8F9200AF606D /* UnitFilter.cpp */,
				9CF246471CFF8FCB00AF606D /* UnitFilter.h */,
				3A38925B1D2D174F009EB3E1 /* MovesBuilder.cpp */,
				3A38925D1D2D176E009EB3E1 /* MovesBuilder.h */,
			);
			name = ai;
			sourceTree = "<group>";
		};
		9C0A5A6B1AC171DA00BF793E /* ui */ = {
			isa = PBXGroup;
			children = (
				55C400311ADEADFB000792CF /* GameUI.cpp */,
				55C400321ADEADFB000792CF /* GameUI.h */,
				9C0A5A6E1AC174D700BF793E /* implementation */,
				9C0A5A6C1AC171E700BF793E /* UIComponent.h */,
				9C0A5A751AC17A8D00BF793E /* UIComponent.cpp */,
				9C0A5A6D1AC171F300BF793E /* Params.h */,
			);
			name = ui;
			sourceTree = "<group>";
		};
		9C0A5A6E1AC174D700BF793E /* implementation */ = {
			isa = PBXGroup;
			children = (
				9C0A5A6F1AC174E700BF793E /* Layout.cpp */,
				9C0A5A701AC174E700BF793E /* Layout.h */,
				9C0A5A721AC176A300BF793E /* Button.cpp */,
				9C0A5A731AC176A300BF793E /* Button.h */,
				9CCD60C21ACDCCC3004537F8 /* Text.cpp */,
				9CCD60C31ACDCCC3004537F8 /* Text.h */,
			);
			name = implementation;
			sourceTree = "<group>";
		};
		9C0A5A7F1AC57C3B00BF793E /* map */ = {
			isa = PBXGroup;
			children = (
				9C800B1C1AB74485003FE2AA /* Map.cpp */,
				9C800B1D1AB74485003FE2AA /* Map.h */,
				9C0A5A811AC57C5D00BF793E /* InfoTile.h */,
				9CF246351CFE293600AF606D /* IMap.h */,
				3A3C1B131D23BC9800D0848F /* MapLayer.h */,
			);
			name = map;
			sourceTree = "<group>";
		};
		9C800AFB1AB74311003FE2AA /* graphic */ = {
			isa = PBXGroup;
			children = (
				9C800B2A1AB86753003FE2AA /* implementation */,
				9C8FBFEB1AAF043A00C4EB1F /* Renderer.cpp */,
				9C8FBFEC1AAF043A00C4EB1F /* Renderer.h */,
				9C8FBFEE1AAF047A00C4EB1F /* Texture.cpp */,
				9C8FBFEF1AAF047A00C4EB1F /* Texture.h */,
			);
			name = graphic;
			sourceTree = "<group>";
		};
		9C800AFC1AB7432E003FE2AA /* engine */ = {
			isa = PBXGroup;
			children = (
				9CFF77771AD57F5F002EBE3F /* Sprite.cpp */,
				9CFF77781AD57F5F002EBE3F /* Sprite.h */,
				9C0A5A7F1AC57C3B00BF793E /* map */,
				9C0A5A6B1AC171DA00BF793E /* ui */,
				9C800B191AB74485003FE2AA /* Color.h */,
				9C800B1E1AB74485003FE2AA /* Tile.cpp */,
				9C800B1F1AB74485003FE2AA /* Tile.h */,
				9C8FBFE21AAEF19C00C4EB1F /* Game.cpp */,
				9C8FBFE31AAEF19C00C4EB1F /* Game.h */,
				9C8FBFF11AAF048D00C4EB1F /* Scene.cpp */,
				9C8FBFF21AAF048D00C4EB1F /* Scene.h */,
				9C8FBFFB1AAF45CF00C4EB1F /* Point.h */,
				9C8FC0031AB1A6E600C4EB1F /* Event.cpp */,
				9C8FC0041AB1A6E600C4EB1F /* Event.h */,
				9C8FC0061AB1BCC400C4EB1F /* IGameEventsListener.h */,
				9C800B351AB9CC89003FE2AA /* IPlayerEventsListener.h */,
				9C0A5A6A1AC0416700BF793E /* GameImplementation.h */,
				3A0779F91CF8613600B8C065 /* DotPath.h */,
				3A0779FA1CF8614500B8C065 /* DotPath.cpp */,
				3A0779FF1CF887B100B8C065 /* GraphLogger.h */,
			);
			name = engine;
			sourceTree = "<group>";
		};
		9C800AFD1AB74335003FE2AA /* gamelogic */ = {
			isa = PBXGroup;
			children = (
				55F447EC1AD713DF00F994F2 /* ai */,
				9C800B011AB743D0003FE2AA /* controller */,
				9C800B001AB743CB003FE2AA /* view */,
				9C800AFF1AB743C0003FE2AA /* model */,
				9C0A5A671AC03F0A00BF793E /* ProjectAI.cpp */,
				9C0A5A681AC03F0A00BF793E /* ProjectAI.h */,
				9CBEB9BB1CF37F5600CA82DE /* GameException.h */,
			);
			name = gamelogic;
			sourceTree = "<group>";
		};
		9C800AFE1AB7434A003FE2AA /* input */ = {
			isa = PBXGroup;
			children = (
				9C800B291AB86739003FE2AA /* implementation */,
				9C8FBFE81AAEF47700C4EB1F /* InputHandler.cpp */,
				9C8FBFE91AAEF47700C4EB1F /* InputHandler.h */,
			);
			name = input;
			sourceTree = "<group>";
		};
		9C800AFF1AB743C0003FE2AA /* model */ = {
			isa = PBXGroup;
			children = (
				55966F481ADC164300B36FA8 /* Building.cpp */,
				55966F491ADC164300B36FA8 /* Building.h */,
				9C800B0C1AB7443C003FE2AA /* Model.cpp */,
				9C800B0D1AB7443C003FE2AA /* Model.h */,
				9C800B0E1AB7443C003FE2AA /* Observable.cpp */,
				9C800B0F1AB7443C003FE2AA /* Observable.h */,
				55AD2B671AF0052E000F5B7E /* Player.h */,
				55AD2B681AF00552000F5B7E /* Player.cpp */,
				9C800B121AB7443C003FE2AA /* Unit.cpp */,
				9C800B131AB7443C003FE2AA /* Unit.h */,
				9CF246321CFCD9B800AF606D /* IPlayer.h */,
			);
			name = model;
			sourceTree = "<group>";
		};
		9C800B001AB743CB003FE2AA /* view */ = {
			isa = PBXGroup;
			children = (
				55966F451ADC163A00B36FA8 /* BuildingView.cpp */,
				55966F461ADC163A00B36FA8 /* BuildingView.h */,
				9CCD60C51ACFE31B004537F8 /* UnitUIView.cpp */,
				9CCD60C61ACFE31B004537F8 /* UnitUIView.h */,
				9C800B0B1AB7441C003FE2AA /* Observer.h */,
				9C800B051AB7440E003FE2AA /* PlayerView.cpp */,
				9C800B061AB7440E003FE2AA /* PlayerView.h */,
				9C800B261AB86673003FE2AA /* UnitView.cpp */,
				9C800B271AB86673003FE2AA /* UnitView.h */,
				9C800B311AB88B48003FE2AA /* SpriteFactory.cpp */,
				9C800B321AB88B48003FE2AA /* SpriteFactory.h */,
			);
			name = view;
			sourceTree = "<group>";
		};
		9C800B011AB743D0003FE2AA /* controller */ = {
			isa = PBXGroup;
			children = (
				9C800B481ABD8284003FE2AA /* commands */,
				9C800B3A1ABADA1C003FE2AA /* states */,
				9C800B021AB743F3003FE2AA /* PlayerController.cpp */,
				9C800B031AB743F3003FE2AA /* PlayerController.h */,
				9C800B2B1AB86A97003FE2AA /* UnitController.cpp */,
				9C800B2C1AB86A97003FE2AA /* UnitController.h */,
			);
			name = controller;
			sourceTree = "<group>";
		};
		9C800B291AB86739003FE2AA /* implementation */ = {
			isa = PBXGroup;
			children = (
				9C8FC0001AB1958D00C4EB1F /* SDLInputHandler.cpp */,
				9C8FC0011AB1958D00C4EB1F /* SDLInputHandler.h */,
			);
			name = implementation;
			sourceTree = "<group>";
		};
		9C800B2A1AB86753003FE2AA /* implementation */ = {
			isa = PBXGroup;
			children = (
				9C8FBFF41AAF06DF00C4EB1F /* SDLRenderer.cpp */,
				9C8FBFF51AAF06DF00C4EB1F /* SDLRenderer.h */,
				9C8FBFF71AAF44E500C4EB1F /* SDLTexture.cpp */,
				9C8FBFF81AAF44E500C4EB1F /* SDLTexture.h */,
			);
			name = implementation;
			sourceTree = "<group>";
		};
		9C800B3A1ABADA1C003FE2AA /* states */ = {
			isa = PBXGroup;
			children = (
				9C800B3C1ABADC61003FE2AA /* playerstates */,
				9C800B3B1ABADA3C003FE2AA /* State.h */,
			);
			name = states;
			sourceTree = "<group>";
		};
		9C800B3C1ABADC61003FE2AA /* playerstates */ = {
			isa = PBXGroup;
			children = (
				9C800B3D1ABADC7F003FE2AA /* NothingSelectedState.cpp */,
				9C800B3E1ABADC7F003FE2AA /* NothingSelectedState.h */,
				9C800B411ABADE3B003FE2AA /* UnitSelectedState.cpp */,
				9C800B421ABADE3B003FE2AA /* UnitSelectedState.h */,
				9CCD60B61AC80DD8004537F8 /* OnCommandState.cpp */,
				9CCD60B71AC80DD8004537F8 /* OnCommandState.h */,
				9CCD60BC1AC80FD4004537F8 /* OnMoveState.cpp */,
				9CCD60BD1AC80FD4004537F8 /* OnMoveState.h */,
				9CCD60BF1AC80FE2004537F8 /* OnAttackState.cpp */,
				9CCD60C01AC80FE2004537F8 /* OnAttackState.h */,
			);
			name = playerstates;
			sourceTree = "<group>";
		};
		9C800B481ABD8284003FE2AA /* commands */ = {
			isa = PBXGroup;
			children = (
				9C800B4C1ABD829F003FE2AA /* implementation */,
				9C800B4A1ABD8297003FE2AA /* Command.h */,
			);
			name = commands;
			sourceTree = "<group>";
		};
		9C800B4C1ABD829F003FE2AA /* implementation */ = {
			isa = PBXGroup;
			children = (
				55966F4B1ADC166300B36FA8 /* CaptureCommand.cpp */,
				55966F4C1ADC166300B36FA8 /* CaptureCommand.h */,
				9C800B4D1ABD8323003FE2AA /* MoveCommand.cpp */,
				9C800B4E1ABD8323003FE2AA /* MoveCommand.h */,
				9CCD60D01AD3DEF3004537F8 /* AttackCommand.cpp */,
				9CCD60D11AD3DEF3004537F8 /* AttackCommand.h */,
			);
			name = implementation;
			sourceTree = "<group>";
		};
		9C8FBFFD1AB04AF400C4EB1F /* assets */ = {
			isa = PBXGroup;
			children = (
				55966F521ADC16C500B36FA8 /* target_tile_triangles.png */,
				55966F531ADC16C500B36FA8 /* target_tile_white.png */,
				55966F541ADC16C500B36FA8 /* target_tile.png */,
				55966F501ADC169C00B36FA8 /* link.png */,
				55966F4E1ADC167200B36FA8 /* capture_button.png */,
				55F447E41AD70DAC00F994F2 /* attack_button.bmp */,
				55F447E51AD70DAC00F994F2 /* cancel_button.bmp */,
				55F447E61AD70DAC00F994F2 /* end_button.bmp */,
				55F447E71AD70DAC00F994F2 /* wait_button.bmp */,
				9C6685C71AD6E49C00C9DFAD /* target_tile.png */,
				9CCD60B51AC6B283004537F8 /* OpenSans-Regular.ttf */,
				55966F431ADC161400B36FA8 /* building.png */,
				9C0A5A7D1AC32E4600BF793E /* mario.bmp */,
				9C0A5A791AC2D13F00BF793E /* link.bmp */,
				9C0A5A771AC1E9AF00BF793E /* sprites.bmp */,
				9C800B461ABC366E003FE2AA /* animate.bmp */,
				9C800B441ABC3542003FE2AA /* animate.png */,
				5567C0CF1CDA701900DD8F3D /* soldier_red.png */,
				5567C0CD1CDA6D6D00DD8F3D /* soldier_blue.png */,
				9C800B241AB74989003FE2AA /* test.bmp */,
				9C8FBFFE1AB056D700C4EB1F /* rider.bmp */,
			);
			name = assets;
			sourceTree = "<group>";
		};
		9CAE2DD51AA76F8B00B6279D = {
			isa = PBXGroup;
			children = (
				9CF2463D1CFF51F800AF606D /* gmock.framework */,
				3A0779F31CF49EFB00B8C065 /* gtest.framework */,
				9C6685C51AD6E41700C9DFAD /* SDL2_image.framework */,
				9CCD60B11AC6A659004537F8 /* SDL2_ttf.framework */,
				9C6613861AA771930094B72F /* SDL2.framework */,
				9CAE2DE01AA76F8B00B6279D /* ProjectWar */,
				9CAE2DF41AA76F8B00B6279D /* ProjectWarTests */,
				3A0779BB1CF49CCB00B8C065 /* Test */,
				9CAE2DDF1AA76F8B00B6279D /* Products */,
			);
			sourceTree = "<group>";
		};
		9CAE2DDF1AA76F8B00B6279D /* Products */ = {
			isa = PBXGroup;
			children = (
				9CAE2DDE1AA76F8B00B6279D /* ProjectWar.app */,
				9CAE2DF11AA76F8B00B6279D /* ProjectWarTests.xctest */,
				3A0779BA1CF49CCB00B8C065 /* Test */,
			);
			name = Products;
			sourceTree = "<group>";
		};
		9CAE2DE01AA76F8B00B6279D /* ProjectWar */ = {
			isa = PBXGroup;
			children = (
				9C8FBFFD1AB04AF400C4EB1F /* assets */,
				9CAE2E021AA76FC900B6279D /* src */,
				9CAE2DE11AA76F8B00B6279D /* Supporting Files */,
			);
			path = ProjectWar;
			sourceTree = "<group>";
		};
		9CAE2DE11AA76F8B00B6279D /* Supporting Files */ = {
			isa = PBXGroup;
			children = (
				9CAE2DE21AA76F8B00B6279D /* Info.plist */,
				9CAE2DE61AA76F8B00B6279D /* main.m */,
			);
			name = "Supporting Files";
			sourceTree = "<group>";
		};
		9CAE2DF41AA76F8B00B6279D /* ProjectWarTests */ = {
			isa = PBXGroup;
			children = (
				9CAE2DF71AA76F8B00B6279D /* ProjectWarTests.m */,
				9CAE2DF51AA76F8B00B6279D /* Supporting Files */,
			);
			path = ProjectWarTests;
			sourceTree = "<group>";
		};
		9CAE2DF51AA76F8B00B6279D /* Supporting Files */ = {
			isa = PBXGroup;
			children = (
				9CAE2DF61AA76F8B00B6279D /* Info.plist */,
			);
			name = "Supporting Files";
			sourceTree = "<group>";
		};
		9CAE2E021AA76FC900B6279D /* src */ = {
			isa = PBXGroup;
			children = (
				9C800AFE1AB7434A003FE2AA /* input */,
				9C800AFD1AB74335003FE2AA /* gamelogic */,
				9C800AFC1AB7432E003FE2AA /* engine */,
				9C800AFB1AB74311003FE2AA /* graphic */,
				9CAE2E031AA76FE700B6279D /* main.cpp */,
			);
			name = src;
			sourceTree = "<group>";
		};
/* End PBXGroup section */

/* Begin PBXNativeTarget section */
		3A0779B91CF49CCB00B8C065 /* Test */ = {
			isa = PBXNativeTarget;
			buildConfigurationList = 3A0779C01CF49CCB00B8C065 /* Build configuration list for PBXNativeTarget "Test" */;
			buildPhases = (
				3A0779B61CF49CCB00B8C065 /* Sources */,
				3A0779B71CF49CCB00B8C065 /* Frameworks */,
				3A0779B81CF49CCB00B8C065 /* CopyFiles */,
			);
			buildRules = (
			);
			dependencies = (
			);
			name = Test;
			productName = Test;
			productReference = 3A0779BA1CF49CCB00B8C065 /* Test */;
			productType = "com.apple.product-type.tool";
		};
		9CAE2DDD1AA76F8B00B6279D /* ProjectWar */ = {
			isa = PBXNativeTarget;
			buildConfigurationList = 9CAE2DFB1AA76F8B00B6279D /* Build configuration list for PBXNativeTarget "ProjectWar" */;
			buildPhases = (
				9CAE2DDA1AA76F8B00B6279D /* Sources */,
				9CAE2DDB1AA76F8B00B6279D /* Frameworks */,
				9CAE2DDC1AA76F8B00B6279D /* Resources */,
			);
			buildRules = (
			);
			dependencies = (
			);
			name = ProjectWar;
			productName = ProjectWar;
			productReference = 9CAE2DDE1AA76F8B00B6279D /* ProjectWar.app */;
			productType = "com.apple.product-type.application";
		};
		9CAE2DF01AA76F8B00B6279D /* ProjectWarTests */ = {
			isa = PBXNativeTarget;
			buildConfigurationList = 9CAE2DFE1AA76F8B00B6279D /* Build configuration list for PBXNativeTarget "ProjectWarTests" */;
			buildPhases = (
				9CAE2DED1AA76F8B00B6279D /* Sources */,
				9CAE2DEE1AA76F8B00B6279D /* Frameworks */,
				9CAE2DEF1AA76F8B00B6279D /* Resources */,
			);
			buildRules = (
			);
			dependencies = (
				9CAE2DF31AA76F8B00B6279D /* PBXTargetDependency */,
			);
			name = ProjectWarTests;
			productName = ProjectWarTests;
			productReference = 9CAE2DF11AA76F8B00B6279D /* ProjectWarTests.xctest */;
			productType = "com.apple.product-type.bundle.unit-test";
		};
/* End PBXNativeTarget section */

/* Begin PBXProject section */
		9CAE2DD61AA76F8B00B6279D /* Project object */ = {
			isa = PBXProject;
			attributes = {
				LastUpgradeCheck = 0610;
				ORGANIZATIONNAME = "Alvaro Chambi Campos";
				TargetAttributes = {
					3A0779B91CF49CCB00B8C065 = {
						CreatedOnToolsVersion = 6.2;
					};
					9CAE2DDD1AA76F8B00B6279D = {
						CreatedOnToolsVersion = 6.1.1;
					};
					9CAE2DF01AA76F8B00B6279D = {
						CreatedOnToolsVersion = 6.1.1;
						TestTargetID = 9CAE2DDD1AA76F8B00B6279D;
					};
				};
			};
			buildConfigurationList = 9CAE2DD91AA76F8B00B6279D /* Build configuration list for PBXProject "ProjectWar" */;
			compatibilityVersion = "Xcode 3.2";
			developmentRegion = English;
			hasScannedForEncodings = 0;
			knownRegions = (
				en,
				Base,
			);
			mainGroup = 9CAE2DD51AA76F8B00B6279D;
			productRefGroup = 9CAE2DDF1AA76F8B00B6279D /* Products */;
			projectDirPath = "";
			projectRoot = "";
			targets = (
				9CAE2DDD1AA76F8B00B6279D /* ProjectWar */,
				9CAE2DF01AA76F8B00B6279D /* ProjectWarTests */,
				3A0779B91CF49CCB00B8C065 /* Test */,
			);
		};
/* End PBXProject section */

/* Begin PBXResourcesBuildPhase section */
		9CAE2DDC1AA76F8B00B6279D /* Resources */ = {
			isa = PBXResourcesBuildPhase;
			buildActionMask = 2147483647;
			files = (
				3AD2FE9F1D0ECB31002B7911 /* OpenSans-Regular.ttf in Resources */,
				55966F441ADC161400B36FA8 /* building.png in Resources */,
				9C0A5A781AC1E9AF00BF793E /* sprites.bmp in Resources */,
				5567C0D01CDA701900DD8F3D /* soldier_red.png in Resources */,
				55966F571ADC16C500B36FA8 /* target_tile.png in Resources */,
				9C6685C81AD6E49C00C9DFAD /* target_tile.png in Resources */,
				55F447E81AD70DAC00F994F2 /* attack_button.bmp in Resources */,
				55966F4F1ADC167200B36FA8 /* capture_button.png in Resources */,
				55F447E91AD70DAC00F994F2 /* cancel_button.bmp in Resources */,
				55F447EB1AD70DAC00F994F2 /* wait_button.bmp in Resources */,
				9C8FBFFF1AB056D700C4EB1F /* rider.bmp in Resources */,
				55966F551ADC16C500B36FA8 /* target_tile_triangles.png in Resources */,
				9C0A5A7E1AC32E4600BF793E /* mario.bmp in Resources */,
				9C800B251AB74989003FE2AA /* test.bmp in Resources */,
				5567C0CE1CDA6D6D00DD8F3D /* soldier_blue.png in Resources */,
				9C0A5A7A1AC2D13F00BF793E /* link.bmp in Resources */,
				55966F511ADC169C00B36FA8 /* link.png in Resources */,
				55F447EA1AD70DAC00F994F2 /* end_button.bmp in Resources */,
				9C800B451ABC3542003FE2AA /* animate.png in Resources */,
				9C800B471ABC366E003FE2AA /* animate.bmp in Resources */,
				55966F561ADC16C500B36FA8 /* target_tile_white.png in Resources */,
			);
			runOnlyForDeploymentPostprocessing = 0;
		};
		9CAE2DEF1AA76F8B00B6279D /* Resources */ = {
			isa = PBXResourcesBuildPhase;
			buildActionMask = 2147483647;
			files = (
			);
			runOnlyForDeploymentPostprocessing = 0;
		};
/* End PBXResourcesBuildPhase section */

/* Begin PBXSourcesBuildPhase section */
		3A0779B61CF49CCB00B8C065 /* Sources */ = {
			isa = PBXSourcesBuildPhase;
			buildActionMask = 2147483647;
			files = (
				9CF246341CFCE8C400AF606D /* GameState.cpp in Sources */,
				3A0779FE1CF886AC00B8C065 /* DotPath.cpp in Sources */,
				3A0779EF1CF49D4800B8C065 /* main.cpp in Sources */,
				9CF246311CFCD3CD00AF606D /* GameStateTest.cpp in Sources */,
				3A0779C11CF49D2400B8C065 /* SDLInputHandler.cpp in Sources */,
				3A0779C21CF49D2400B8C065 /* InputHandler.cpp in Sources */,
				3A0779C31CF49D2400B8C065 /* PlayerAI.cpp in Sources */,
				3A0779C41CF49D2400B8C065 /* Movement.cpp in Sources */,
				3A0779CA1CF49D2400B8C065 /* CaptureCommand.cpp in Sources */,
				3A0779CB1CF49D2400B8C065 /* MoveCommand.cpp in Sources */,
				3A0779CC1CF49D2400B8C065 /* AttackCommand.cpp in Sources */,
				3A2F16A81D00531700254750 /* IteratorFilter.cpp in Sources */,
				3A0779CD1CF49D2400B8C065 /* NothingSelectedState.cpp in Sources */,
				3A0779CE1CF49D2400B8C065 /* UnitSelectedState.cpp in Sources */,
				3A0779CF1CF49D2400B8C065 /* OnCommandState.cpp in Sources */,
				3A0779D01CF49D2400B8C065 /* OnMoveState.cpp in Sources */,
				9CF246461CFF8F9200AF606D /* UnitFilter.cpp in Sources */,
				3A0779D11CF49D2400B8C065 /* OnAttackState.cpp in Sources */,
				9CF2464B1D00CC5500AF606D /* IteratorFilterTest.cpp in Sources */,
				3A0779D21CF49D2400B8C065 /* PlayerController.cpp in Sources */,
				9CF2463C1CFF4FFC00AF606D /* UnitTest.cpp in Sources */,
				9CBEB9BF1CF7758100CA82DE /* MinimaxTest.cpp in Sources */,
				3A0779D31CF49D2400B8C065 /* UnitController.cpp in Sources */,
				3A0779D41CF49D2400B8C065 /* BuildingView.cpp in Sources */,
				3A3892591D253DBF009EB3E1 /* MapLayerTest.cpp in Sources */,
				3A0779D51CF49D2400B8C065 /* UnitUIView.cpp in Sources */,
				3A0779D61CF49D2400B8C065 /* PlayerView.cpp in Sources */,
				3A0779D71CF49D2400B8C065 /* UnitView.cpp in Sources */,
				9CBEB9CA1CF77BF000CA82DE /* MinimaxAlgorithm.cpp in Sources */,
				3A0779D81CF49D2400B8C065 /* SpriteFactory.cpp in Sources */,
				3A0779D91CF49D2400B8C065 /* Building.cpp in Sources */,
				3A0779DA1CF49D2400B8C065 /* Model.cpp in Sources */,
				5529C7871D00DEBF00FF3D5F /* HeuristicFunction.cpp in Sources */,
				3A0779DB1CF49D2400B8C065 /* Observable.cpp in Sources */,
				3A0779DC1CF49D2400B8C065 /* Player.cpp in Sources */,
				3A0779DD1CF49D2400B8C065 /* Unit.cpp in Sources */,
				3A0779DE1CF49D2400B8C065 /* ProjectAI.cpp in Sources */,
				3A0779DF1CF49D2400B8C065 /* Sprite.cpp in Sources */,
				9CF2462C1CFCD10300AF606D /* GameMinimax.cpp in Sources */,
				9CF246491D00AA6F00AF606D /* AreaIteratorTest.cpp in Sources */,
				3A0779E11CF49D2400B8C065 /* Map.cpp in Sources */,
				9CF366D01D089229005A2B18 /* UnitMovementFilterTest.cpp in Sources */,
				55D24B671D00D5C300949485 /* HeuristicTest.cpp in Sources */,
				3A0779E21CF49D2400B8C065 /* GameUI.cpp in Sources */,
				3A0779E31CF49D2400B8C065 /* Layout.cpp in Sources */,
				3A0779E41CF49D2400B8C065 /* Button.cpp in Sources */,
				9CF246381CFE2C4500AF606D /* MapTest.cpp in Sources */,
				3A0779E51CF49D2400B8C065 /* Text.cpp in Sources */,
				3A0779E61CF49D2400B8C065 /* UIComponent.cpp in Sources */,
				3A0779E71CF49D2400B8C065 /* Tile.cpp in Sources */,
				3A0779E81CF49D2400B8C065 /* Game.cpp in Sources */,
				9CF246431CFF895E00AF606D /* AreaIterator.cpp in Sources */,
				3A0779E91CF49D2400B8C065 /* Scene.cpp in Sources */,
				3A0779EA1CF49D2400B8C065 /* Event.cpp in Sources */,
				3A2F16A11CFF1F2C00254750 /* Action.cpp in Sources */,
				3A0779EB1CF49D2400B8C065 /* SDLRenderer.cpp in Sources */,
				9CB5E66E1D291AE30067F160 /* PlayerTest.cpp in Sources */,
				3A0779EC1CF49D2400B8C065 /* SDLTexture.cpp in Sources */,
				9CF2463A1CFE32BF00AF606D /* PointTest.cpp in Sources */,
				3A0779FD1CF885A700B8C065 /* DotTest.cpp in Sources */,
				3A0779ED1CF49D2400B8C065 /* Renderer.cpp in Sources */,
				3A0779EE1CF49D2400B8C065 /* Texture.cpp in Sources */,
			);
			runOnlyForDeploymentPostprocessing = 0;
		};
		9CAE2DDA1AA76F8B00B6279D /* Sources */ = {
			isa = PBXSourcesBuildPhase;
			buildActionMask = 2147483647;
			files = (
				9CF2462E1CFCD2B900AF606D /* GameState.cpp in Sources */,
				9CCD60B81AC80DD8004537F8 /* OnCommandState.cpp in Sources */,
				9C8FBFF31AAF048D00C4EB1F /* Scene.cpp in Sources */,
				9C8FBFF61AAF06DF00C4EB1F /* SDLRenderer.cpp in Sources */,
				9CF2462B1CFCD10300AF606D /* GameMinimax.cpp in Sources */,
				9CCD60C41ACDCCC3004537F8 /* Text.cpp in Sources */,
				9C8FBFED1AAF043A00C4EB1F /* Renderer.cpp in Sources */,
				9C800B4F1ABD8323003FE2AA /* MoveCommand.cpp in Sources */,
				9C800B2D1AB86A97003FE2AA /* UnitController.cpp in Sources */,
				55966F4A1ADC164300B36FA8 /* Building.cpp in Sources */,
				9C800B3F1ABADC7F003FE2AA /* NothingSelectedState.cpp in Sources */,
				55F447EF1AD713FC00F994F2 /* PlayerAI.cpp in Sources */,
				55966F4D1ADC166300B36FA8 /* CaptureCommand.cpp in Sources */,
				55C400331ADEADFB000792CF /* GameUI.cpp in Sources */,
				9CCD60C11AC80FE2004537F8 /* OnAttackState.cpp in Sources */,
				9CAE2E051AA76FE700B6279D /* main.cpp in Sources */,
				3A0779FB1CF8614500B8C065 /* DotPath.cpp in Sources */,
				9C0A5A711AC174E700BF793E /* Layout.cpp in Sources */,
				9CF246421CFF895E00AF606D /* AreaIterator.cpp in Sources */,
				55891C741AEE8AB600888AC7 /* Movement.cpp in Sources */,
				9C8FC0021AB1958D00C4EB1F /* SDLInputHandler.cpp in Sources */,
				9C8FBFF91AAF44E500C4EB1F /* SDLTexture.cpp in Sources */,
				9C800B281AB86673003FE2AA /* UnitView.cpp in Sources */,
				9C800B231AB74485003FE2AA /* Tile.cpp in Sources */,
				9C800B221AB74485003FE2AA /* Map.cpp in Sources */,
				9CCD60D21AD3DEF3004537F8 /* AttackCommand.cpp in Sources */,
				55D24B651D00D58900949485 /* HeuristicFunction.cpp in Sources */,
				9C8FBFF01AAF047A00C4EB1F /* Texture.cpp in Sources */,
				9C800B091AB7440E003FE2AA /* PlayerView.cpp in Sources */,
				9C0A5A761AC17A8D00BF793E /* UIComponent.cpp in Sources */,
				9CCD60C71ACFE31B004537F8 /* UnitUIView.cpp in Sources */,
				9CBEB9C91CF77BF000CA82DE /* MinimaxAlgorithm.cpp in Sources */,
				55AD2B691AF00552000F5B7E /* Player.cpp in Sources */,
				9CCD60BE1AC80FD4004537F8 /* OnMoveState.cpp in Sources */,
				9C800B431ABADE3B003FE2AA /* UnitSelectedState.cpp in Sources */,
				9CFF77791AD57F5F002EBE3F /* Sprite.cpp in Sources */,
				55966F471ADC163A00B36FA8 /* BuildingView.cpp in Sources */,
				9C8FBFE41AAEF19C00C4EB1F /* Game.cpp in Sources */,
				9C800B151AB7443C003FE2AA /* Observable.cpp in Sources */,
				9CF246451CFF8F9200AF606D /* UnitFilter.cpp in Sources */,
				9C0A5A691AC03F0A00BF793E /* ProjectAI.cpp in Sources */,
				3A2F16A71D00531700254750 /* IteratorFilter.cpp in Sources */,
				9C800B041AB743F3003FE2AA /* PlayerController.cpp in Sources */,
				9C800B141AB7443C003FE2AA /* Model.cpp in Sources */,
				9C8FBFEA1AAEF47700C4EB1F /* InputHandler.cpp in Sources */,
				9C800B171AB7443C003FE2AA /* Unit.cpp in Sources */,
				3A38925C1D2D174F009EB3E1 /* MovesBuilder.cpp in Sources */,
				9C8FC0051AB1A6E600C4EB1F /* Event.cpp in Sources */,
				9C800B331AB88B48003FE2AA /* SpriteFactory.cpp in Sources */,
				3A2F16A01CFF1F2C00254750 /* Action.cpp in Sources */,
				9C0A5A741AC176A300BF793E /* Button.cpp in Sources */,
			);
			runOnlyForDeploymentPostprocessing = 0;
		};
		9CAE2DED1AA76F8B00B6279D /* Sources */ = {
			isa = PBXSourcesBuildPhase;
			buildActionMask = 2147483647;
			files = (
				9CAE2DF81AA76F8B00B6279D /* ProjectWarTests.m in Sources */,
			);
			runOnlyForDeploymentPostprocessing = 0;
		};
/* End PBXSourcesBuildPhase section */

/* Begin PBXTargetDependency section */
		9CAE2DF31AA76F8B00B6279D /* PBXTargetDependency */ = {
			isa = PBXTargetDependency;
			target = 9CAE2DDD1AA76F8B00B6279D /* ProjectWar */;
			targetProxy = 9CAE2DF21AA76F8B00B6279D /* PBXContainerItemProxy */;
		};
/* End PBXTargetDependency section */

/* Begin XCBuildConfiguration section */
		3A0779BE1CF49CCB00B8C065 /* Debug */ = {
			isa = XCBuildConfiguration;
			buildSettings = {
				FRAMEWORK_SEARCH_PATHS = (
					"$(inherited)",
					"$(LOCAL_LIBRARY_DIR)/Frameworks",
				);
				GCC_PREPROCESSOR_DEFINITIONS = (
					"DEBUG=1",
					"$(inherited)",
				);
				HEADER_SEARCH_PATHS = (
					"$(inherited)",
					/Applications/Xcode.app/Contents/Developer/Toolchains/XcodeDefault.xctoolchain/usr/include,
					/usr/local/include,
				);
				LIBRARY_SEARCH_PATHS = /usr/local/lib;
				OTHER_LDFLAGS = "";
				PRODUCT_NAME = "$(TARGET_NAME)";
			};
			name = Debug;
		};
		3A0779BF1CF49CCB00B8C065 /* Release */ = {
			isa = XCBuildConfiguration;
			buildSettings = {
				COPY_PHASE_STRIP = NO;
				FRAMEWORK_SEARCH_PATHS = (
					"$(inherited)",
					"$(LOCAL_LIBRARY_DIR)/Frameworks",
				);
				HEADER_SEARCH_PATHS = (
					"$(inherited)",
					/Applications/Xcode.app/Contents/Developer/Toolchains/XcodeDefault.xctoolchain/usr/include,
					/usr/local/include,
				);
				LIBRARY_SEARCH_PATHS = /usr/local/lib;
				OTHER_LDFLAGS = "";
				PRODUCT_NAME = "$(TARGET_NAME)";
			};
			name = Release;
		};
		9CAE2DF91AA76F8B00B6279D /* Debug */ = {
			isa = XCBuildConfiguration;
			buildSettings = {
				ALWAYS_SEARCH_USER_PATHS = NO;
				CLANG_CXX_LANGUAGE_STANDARD = "gnu++0x";
				CLANG_CXX_LIBRARY = "libc++";
				CLANG_ENABLE_MODULES = YES;
				CLANG_ENABLE_OBJC_ARC = YES;
				CLANG_WARN_BOOL_CONVERSION = YES;
				CLANG_WARN_CONSTANT_CONVERSION = YES;
				CLANG_WARN_DIRECT_OBJC_ISA_USAGE = YES_ERROR;
				CLANG_WARN_EMPTY_BODY = YES;
				CLANG_WARN_ENUM_CONVERSION = YES;
				CLANG_WARN_INT_CONVERSION = YES;
				CLANG_WARN_OBJC_ROOT_CLASS = YES_ERROR;
				CLANG_WARN_UNREACHABLE_CODE = YES;
				CLANG_WARN__DUPLICATE_METHOD_MATCH = YES;
				CODE_SIGN_IDENTITY = "-";
				COPY_PHASE_STRIP = NO;
				ENABLE_STRICT_OBJC_MSGSEND = YES;
				GCC_C_LANGUAGE_STANDARD = gnu99;
				GCC_DYNAMIC_NO_PIC = NO;
				GCC_OPTIMIZATION_LEVEL = 0;
				GCC_PREPROCESSOR_DEFINITIONS = (
					"DEBUG=1",
					"$(inherited)",
				);
				GCC_SYMBOLS_PRIVATE_EXTERN = NO;
				GCC_WARN_64_TO_32_BIT_CONVERSION = YES;
				GCC_WARN_ABOUT_RETURN_TYPE = YES_ERROR;
				GCC_WARN_UNDECLARED_SELECTOR = YES;
				GCC_WARN_UNINITIALIZED_AUTOS = YES_AGGRESSIVE;
				GCC_WARN_UNUSED_FUNCTION = YES;
				GCC_WARN_UNUSED_VARIABLE = YES;
				MACOSX_DEPLOYMENT_TARGET = 10.10;
				MTL_ENABLE_DEBUG_INFO = YES;
				ONLY_ACTIVE_ARCH = YES;
				SDKROOT = macosx;
			};
			name = Debug;
		};
		9CAE2DFA1AA76F8B00B6279D /* Release */ = {
			isa = XCBuildConfiguration;
			buildSettings = {
				ALWAYS_SEARCH_USER_PATHS = NO;
				CLANG_CXX_LANGUAGE_STANDARD = "gnu++0x";
				CLANG_CXX_LIBRARY = "libc++";
				CLANG_ENABLE_MODULES = YES;
				CLANG_ENABLE_OBJC_ARC = YES;
				CLANG_WARN_BOOL_CONVERSION = YES;
				CLANG_WARN_CONSTANT_CONVERSION = YES;
				CLANG_WARN_DIRECT_OBJC_ISA_USAGE = YES_ERROR;
				CLANG_WARN_EMPTY_BODY = YES;
				CLANG_WARN_ENUM_CONVERSION = YES;
				CLANG_WARN_INT_CONVERSION = YES;
				CLANG_WARN_OBJC_ROOT_CLASS = YES_ERROR;
				CLANG_WARN_UNREACHABLE_CODE = YES;
				CLANG_WARN__DUPLICATE_METHOD_MATCH = YES;
				CODE_SIGN_IDENTITY = "-";
				COPY_PHASE_STRIP = YES;
				DEBUG_INFORMATION_FORMAT = "dwarf-with-dsym";
				ENABLE_NS_ASSERTIONS = NO;
				ENABLE_STRICT_OBJC_MSGSEND = YES;
				GCC_C_LANGUAGE_STANDARD = gnu99;
				GCC_WARN_64_TO_32_BIT_CONVERSION = YES;
				GCC_WARN_ABOUT_RETURN_TYPE = YES_ERROR;
				GCC_WARN_UNDECLARED_SELECTOR = YES;
				GCC_WARN_UNINITIALIZED_AUTOS = YES_AGGRESSIVE;
				GCC_WARN_UNUSED_FUNCTION = YES;
				GCC_WARN_UNUSED_VARIABLE = YES;
				MACOSX_DEPLOYMENT_TARGET = 10.10;
				MTL_ENABLE_DEBUG_INFO = NO;
				SDKROOT = macosx;
			};
			name = Release;
		};
		9CAE2DFC1AA76F8B00B6279D /* Debug */ = {
			isa = XCBuildConfiguration;
			buildSettings = {
				ASSETCATALOG_COMPILER_APPICON_NAME = AppIcon;
				COMBINE_HIDPI_IMAGES = YES;
				FRAMEWORK_SEARCH_PATHS = (
					"$(inherited)",
					"$(LOCAL_LIBRARY_DIR)/Frameworks",
				);
				INFOPLIST_FILE = ProjectWar/Info.plist;
				LD_RUNPATH_SEARCH_PATHS = "$(inherited) @executable_path/../Frameworks";
				PRODUCT_NAME = "$(TARGET_NAME)";
			};
			name = Debug;
		};
		9CAE2DFD1AA76F8B00B6279D /* Release */ = {
			isa = XCBuildConfiguration;
			buildSettings = {
				ASSETCATALOG_COMPILER_APPICON_NAME = AppIcon;
				COMBINE_HIDPI_IMAGES = YES;
				FRAMEWORK_SEARCH_PATHS = (
					"$(inherited)",
					"$(LOCAL_LIBRARY_DIR)/Frameworks",
				);
				INFOPLIST_FILE = ProjectWar/Info.plist;
				LD_RUNPATH_SEARCH_PATHS = "$(inherited) @executable_path/../Frameworks";
				PRODUCT_NAME = "$(TARGET_NAME)";
			};
			name = Release;
		};
		9CAE2DFF1AA76F8B00B6279D /* Debug */ = {
			isa = XCBuildConfiguration;
			buildSettings = {
				BUNDLE_LOADER = "$(TEST_HOST)";
				COMBINE_HIDPI_IMAGES = YES;
				FRAMEWORK_SEARCH_PATHS = (
					"$(DEVELOPER_FRAMEWORKS_DIR)",
					"$(inherited)",
				);
				GCC_PREPROCESSOR_DEFINITIONS = (
					"DEBUG=1",
					"$(inherited)",
				);
				INFOPLIST_FILE = ProjectWarTests/Info.plist;
				LD_RUNPATH_SEARCH_PATHS = "$(inherited) @executable_path/../Frameworks @loader_path/../Frameworks";
				PRODUCT_NAME = "$(TARGET_NAME)";
				TEST_HOST = "$(BUILT_PRODUCTS_DIR)/ProjectWar.app/Contents/MacOS/ProjectWar";
			};
			name = Debug;
		};
		9CAE2E001AA76F8B00B6279D /* Release */ = {
			isa = XCBuildConfiguration;
			buildSettings = {
				BUNDLE_LOADER = "$(TEST_HOST)";
				COMBINE_HIDPI_IMAGES = YES;
				FRAMEWORK_SEARCH_PATHS = (
					"$(DEVELOPER_FRAMEWORKS_DIR)",
					"$(inherited)",
				);
				INFOPLIST_FILE = ProjectWarTests/Info.plist;
				LD_RUNPATH_SEARCH_PATHS = "$(inherited) @executable_path/../Frameworks @loader_path/../Frameworks";
				PRODUCT_NAME = "$(TARGET_NAME)";
				TEST_HOST = "$(BUILT_PRODUCTS_DIR)/ProjectWar.app/Contents/MacOS/ProjectWar";
			};
			name = Release;
		};
/* End XCBuildConfiguration section */

/* Begin XCConfigurationList section */
		3A0779C01CF49CCB00B8C065 /* Build configuration list for PBXNativeTarget "Test" */ = {
			isa = XCConfigurationList;
			buildConfigurations = (
				3A0779BE1CF49CCB00B8C065 /* Debug */,
				3A0779BF1CF49CCB00B8C065 /* Release */,
			);
			defaultConfigurationIsVisible = 0;
			defaultConfigurationName = Release;
		};
		9CAE2DD91AA76F8B00B6279D /* Build configuration list for PBXProject "ProjectWar" */ = {
			isa = XCConfigurationList;
			buildConfigurations = (
				9CAE2DF91AA76F8B00B6279D /* Debug */,
				9CAE2DFA1AA76F8B00B6279D /* Release */,
			);
			defaultConfigurationIsVisible = 0;
			defaultConfigurationName = Release;
		};
		9CAE2DFB1AA76F8B00B6279D /* Build configuration list for PBXNativeTarget "ProjectWar" */ = {
			isa = XCConfigurationList;
			buildConfigurations = (
				9CAE2DFC1AA76F8B00B6279D /* Debug */,
				9CAE2DFD1AA76F8B00B6279D /* Release */,
			);
			defaultConfigurationIsVisible = 0;
			defaultConfigurationName = Release;
		};
		9CAE2DFE1AA76F8B00B6279D /* Build configuration list for PBXNativeTarget "ProjectWarTests" */ = {
			isa = XCConfigurationList;
			buildConfigurations = (
				9CAE2DFF1AA76F8B00B6279D /* Debug */,
				9CAE2E001AA76F8B00B6279D /* Release */,
			);
			defaultConfigurationIsVisible = 0;
			defaultConfigurationName = Release;
		};
/* End XCConfigurationList section */
	};
	rootObject = 9CAE2DD61AA76F8B00B6279D /* Project object */;
}
